{
  "version": 4,
  "terraform_version": "1.2.2",
  "serial": 463,
  "lineage": "8d512613-5a57-eeb2-2aa8-3adda0cb7b16",
  "outputs": {},
  "resources": [
    {
      "mode": "managed",
      "type": "aws_api_gateway_deployment",
      "name": "this",
      "provider": "provider[\"registry.terraform.io/hashicorp/aws\"]",
      "instances": [
        {
          "schema_version": 0,
          "attributes": {
            "created_date": "2022-06-09T00:39:41Z",
            "description": "",
            "execution_arn": "arn:aws:execute-api:eu-central-1:360428973419:e1lbi5rd7f/",
            "id": "cpowdu",
            "invoke_url": "https://e1lbi5rd7f.execute-api.eu-central-1.amazonaws.com/",
            "rest_api_id": "e1lbi5rd7f",
            "stage_description": null,
            "stage_name": null,
            "triggers": {
              "redeployment": "2be88ca4242c76e8253ac62474851065032d6833"
            },
            "variables": null
          },
          "sensitive_attributes": [],
          "private": "bnVsbA==",
          "dependencies": [
            "aws_api_gateway_rest_api.this"
          ],
          "create_before_destroy": true
        }
      ]
    },
    {
      "mode": "managed",
      "type": "aws_api_gateway_gateway_response",
      "name": "this",
      "provider": "provider[\"registry.terraform.io/hashicorp/aws\"]",
      "instances": [
        {
          "schema_version": 0,
          "attributes": {
            "id": "aggr-e1lbi5rd7f-UNAUTHORIZED",
            "response_parameters": {},
            "response_templates": {
              "application/json": "{\"message\":$context.error.messageString}"
            },
            "response_type": "UNAUTHORIZED",
            "rest_api_id": "e1lbi5rd7f",
            "status_code": "404"
          },
          "sensitive_attributes": [],
          "private": "bnVsbA==",
          "dependencies": [
            "aws_api_gateway_rest_api.this"
          ]
        }
      ]
    },
    {
      "mode": "managed",
      "type": "aws_api_gateway_integration",
      "name": "get_authors",
      "provider": "provider[\"registry.terraform.io/hashicorp/aws\"]",
      "instances": [
        {
          "schema_version": 0,
          "attributes": {
            "cache_key_parameters": [],
            "cache_namespace": "6w3cjl",
            "connection_id": "",
            "connection_type": "INTERNET",
            "content_handling": "CONVERT_TO_TEXT",
            "credentials": "",
            "http_method": "GET",
            "id": "agi-e1lbi5rd7f-6w3cjl-GET",
            "integration_http_method": "POST",
            "passthrough_behavior": "WHEN_NO_MATCH",
            "request_parameters": {
              "integration.request.header.X-Authorization": "'static'"
            },
            "request_templates": {
              "application/xml": "  {\n     \"body\" : $input.json('$')\n  }\n"
            },
            "resource_id": "6w3cjl",
            "rest_api_id": "e1lbi5rd7f",
            "timeout_milliseconds": 29000,
            "tls_config": [],
            "type": "AWS",
            "uri": "arn:aws:apigateway:eu-central-1:lambda:path/2015-03-31/functions/arn:aws:lambda:eu-central-1:360428973419:function:lambda_get_all_authors/invocations"
          },
          "sensitive_attributes": [],
          "private": "bnVsbA==",
          "dependencies": [
            "aws_api_gateway_method.get_authors",
            "aws_api_gateway_resource.authors",
            "aws_api_gateway_rest_api.this",
            "module.lambda.module.lambda_function_get_all_authors.aws_cloudwatch_log_group.lambda",
            "module.lambda.module.lambda_function_get_all_authors.aws_iam_role.lambda",
            "module.lambda.module.lambda_function_get_all_authors.aws_lambda_function.this",
            "module.lambda.module.lambda_function_get_all_authors.aws_s3_object.lambda_package",
            "module.lambda.module.lambda_function_get_all_authors.data.aws_iam_policy_document.assume_role",
            "module.lambda.module.lambda_function_get_all_authors.data.external.archive_prepare",
            "module.lambda.module.lambda_function_get_all_authors.local_file.archive_plan",
            "module.lambda.module.lambda_function_get_all_authors.null_resource.archive"
          ]
        }
      ]
    },
    {
      "mode": "managed",
      "type": "aws_api_gateway_integration_response",
      "name": "authors",
      "provider": "provider[\"registry.terraform.io/hashicorp/aws\"]",
      "instances": [
        {
          "schema_version": 0,
          "attributes": {
            "content_handling": "",
            "http_method": "GET",
            "id": "agir-e1lbi5rd7f-6w3cjl-GET-200",
            "resource_id": "6w3cjl",
            "response_parameters": {
              "method.response.header.Access-Control-Allow-Headers": "'Content-Type,X-Amz-Date,Authorization,X-Api-Key,X-Amz-Security-Token'",
              "method.response.header.Access-Control-Allow-Methods": "'GET,OPTIONS,POST,PUT'",
              "method.response.header.Access-Control-Allow-Origin": "'*'"
            },
            "response_templates": {},
            "rest_api_id": "e1lbi5rd7f",
            "selection_pattern": "",
            "status_code": "200"
          },
          "sensitive_attributes": [],
          "private": "bnVsbA==",
          "dependencies": [
            "aws_api_gateway_method.get_authors",
            "aws_api_gateway_method_response.get_authors",
            "aws_api_gateway_resource.authors",
            "aws_api_gateway_rest_api.this"
          ]
        }
      ]
    },
    {
      "mode": "managed",
      "type": "aws_api_gateway_method",
      "name": "get_authors",
      "provider": "provider[\"registry.terraform.io/hashicorp/aws\"]",
      "instances": [
        {
          "schema_version": 0,
          "attributes": {
            "api_key_required": false,
            "authorization": "NONE",
            "authorization_scopes": [],
            "authorizer_id": "",
            "http_method": "GET",
            "id": "agm-e1lbi5rd7f-6w3cjl-GET",
            "operation_name": "",
            "request_models": {},
            "request_parameters": {},
            "request_validator_id": "",
            "resource_id": "6w3cjl",
            "rest_api_id": "e1lbi5rd7f"
          },
          "sensitive_attributes": [],
          "private": "bnVsbA==",
          "dependencies": [
            "aws_api_gateway_resource.authors",
            "aws_api_gateway_rest_api.this"
          ]
        }
      ]
    },
    {
      "mode": "managed",
      "type": "aws_api_gateway_method_response",
      "name": "get_authors",
      "provider": "provider[\"registry.terraform.io/hashicorp/aws\"]",
      "instances": [
        {
          "schema_version": 0,
          "attributes": {
            "http_method": "GET",
            "id": "agmr-e1lbi5rd7f-6w3cjl-GET-200",
            "resource_id": "6w3cjl",
            "response_models": {
              "application/json": "Empty"
            },
            "response_parameters": {
              "method.response.header.Access-Control-Allow-Headers": true,
              "method.response.header.Access-Control-Allow-Methods": true,
              "method.response.header.Access-Control-Allow-Origin": false
            },
            "rest_api_id": "e1lbi5rd7f",
            "status_code": "200"
          },
          "sensitive_attributes": [],
          "private": "bnVsbA==",
          "dependencies": [
            "aws_api_gateway_method.get_authors",
            "aws_api_gateway_resource.authors",
            "aws_api_gateway_rest_api.this"
          ]
        }
      ]
    },
    {
      "mode": "managed",
      "type": "aws_api_gateway_resource",
      "name": "authors",
      "provider": "provider[\"registry.terraform.io/hashicorp/aws\"]",
      "instances": [
        {
          "schema_version": 0,
          "attributes": {
            "id": "6w3cjl",
            "parent_id": "d9hvfntobb",
            "path": "/authors",
            "path_part": "authors",
            "rest_api_id": "e1lbi5rd7f"
          },
          "sensitive_attributes": [],
          "private": "bnVsbA==",
          "dependencies": [
            "aws_api_gateway_rest_api.this"
          ]
        }
      ]
    },
    {
      "mode": "managed",
      "type": "aws_api_gateway_rest_api",
      "name": "this",
      "provider": "provider[\"registry.terraform.io/hashicorp/aws\"]",
      "instances": [
        {
          "schema_version": 0,
          "attributes": {
            "api_key_source": "HEADER",
            "arn": "arn:aws:apigateway:eu-central-1::/restapis/e1lbi5rd7f",
            "binary_media_types": [
              "UTF-8-encoded"
            ],
            "body": null,
            "created_date": "2022-06-09T00:03:33Z",
            "description": "API Gateway description",
            "disable_execute_api_endpoint": false,
            "endpoint_configuration": [
              {
                "types": [
                  "REGIONAL"
                ],
                "vpc_endpoint_ids": []
              }
            ],
            "execution_arn": "arn:aws:execute-api:eu-central-1:360428973419:e1lbi5rd7f",
            "id": "e1lbi5rd7f",
            "minimum_compression_size": -1,
            "name": "dev-lpnu",
            "parameters": null,
            "policy": "",
            "root_resource_id": "d9hvfntobb",
            "tags": {},
            "tags_all": {}
          },
          "sensitive_attributes": [],
          "private": "bnVsbA==",
          "create_before_destroy": true
        }
      ]
    },
    {
      "mode": "managed",
      "type": "aws_api_gateway_stage",
      "name": "dev",
      "provider": "provider[\"registry.terraform.io/hashicorp/aws\"]",
      "instances": [
        {
          "schema_version": 0,
          "attributes": {
            "access_log_settings": [],
            "arn": "arn:aws:apigateway:eu-central-1::/restapis/e1lbi5rd7f/stages/dev",
            "cache_cluster_enabled": false,
            "cache_cluster_size": "",
            "canary_settings": [],
            "client_certificate_id": "",
            "deployment_id": "cpowdu",
            "description": "",
            "documentation_version": "",
            "execution_arn": "arn:aws:execute-api:eu-central-1:360428973419:e1lbi5rd7f/dev",
            "id": "ags-e1lbi5rd7f-dev",
            "invoke_url": "https://e1lbi5rd7f.execute-api.eu-central-1.amazonaws.com/dev",
            "rest_api_id": "e1lbi5rd7f",
            "stage_name": "dev",
            "tags": {},
            "tags_all": {},
            "variables": {},
            "web_acl_arn": "",
            "xray_tracing_enabled": false
          },
          "sensitive_attributes": [],
          "private": "bnVsbA==",
          "dependencies": [
            "aws_api_gateway_deployment.this",
            "aws_api_gateway_rest_api.this"
          ]
        }
      ]
    },
    {
      "mode": "managed",
      "type": "aws_cloudwatch_log_metric_filter",
      "name": "this",
      "provider": "provider[\"registry.terraform.io/hashicorp/aws\"]",
      "instances": [
        {
          "schema_version": 0,
          "attributes": {
            "id": "dev-lpnu-notification",
            "log_group_name": "/aws/lambda/lambda_get_all_courses",
            "metric_transformation": [
              {
                "default_value": "",
                "dimensions": {},
                "name": "dev-lpnu-notification",
                "namespace": "dev-lpnu-notification",
                "unit": "None",
                "value": "1"
              }
            ],
            "name": "dev-lpnu-notification",
            "pattern": "?ERROR ?WARN ?5xx"
          },
          "sensitive_attributes": [],
          "private": "bnVsbA==",
          "dependencies": [
            "module.lambda.module.lambda_function_get_all_courses.aws_cloudwatch_log_group.lambda",
            "module.lambda.module.lambda_function_get_all_courses.aws_iam_role.lambda",
            "module.lambda.module.lambda_function_get_all_courses.aws_lambda_function.this",
            "module.lambda.module.lambda_function_get_all_courses.aws_s3_object.lambda_package",
            "module.lambda.module.lambda_function_get_all_courses.data.aws_iam_policy_document.assume_role",
            "module.lambda.module.lambda_function_get_all_courses.data.external.archive_prepare",
            "module.lambda.module.lambda_function_get_all_courses.local_file.archive_plan",
            "module.lambda.module.lambda_function_get_all_courses.null_resource.archive"
          ]
        }
      ]
    },
    {
      "mode": "managed",
      "type": "aws_cloudwatch_metric_alarm",
      "name": "this",
      "provider": "provider[\"registry.terraform.io/hashicorp/aws\"]",
      "instances": [
        {
          "schema_version": 1,
          "attributes": {
            "actions_enabled": true,
            "alarm_actions": [
              "arn:aws:sns:eu-central-1:360428973419:dev-lpnu-notification"
            ],
            "alarm_description": "This metric monitors lambda_get_all_courses",
            "alarm_name": "dev-lpnu-notification",
            "arn": "arn:aws:cloudwatch:eu-central-1:360428973419:alarm:dev-lpnu-notification",
            "comparison_operator": "GreaterThanOrEqualToThreshold",
            "datapoints_to_alarm": 0,
            "dimensions": {},
            "evaluate_low_sample_count_percentiles": "",
            "evaluation_periods": 1,
            "extended_statistic": "",
            "id": "dev-lpnu-notification",
            "insufficient_data_actions": [],
            "metric_name": "dev-lpnu-notification",
            "metric_query": [],
            "namespace": "dev-lpnu-notification",
            "ok_actions": [],
            "period": 60,
            "statistic": "Sum",
            "tags": {},
            "tags_all": {},
            "threshold": 1,
            "threshold_metric_id": "",
            "treat_missing_data": "notBreaching",
            "unit": ""
          },
          "sensitive_attributes": [],
          "private": "eyJzY2hlbWFfdmVyc2lvbiI6IjEifQ==",
          "dependencies": [
            "module.lambda.module.lambda_function_get_all_courses.aws_cloudwatch_log_group.lambda",
            "module.lambda.module.lambda_function_get_all_courses.aws_iam_role.lambda",
            "module.lambda.module.lambda_function_get_all_courses.aws_lambda_function.this",
            "module.lambda.module.lambda_function_get_all_courses.aws_s3_object.lambda_package",
            "module.lambda.module.lambda_function_get_all_courses.data.aws_iam_policy_document.assume_role",
            "module.lambda.module.lambda_function_get_all_courses.data.external.archive_prepare",
            "module.lambda.module.lambda_function_get_all_courses.local_file.archive_plan",
            "module.lambda.module.lambda_function_get_all_courses.null_resource.archive",
            "module.notify_slack.aws_sns_topic.this",
            "module.notify_slack.data.aws_caller_identity.current",
            "module.notify_slack.data.aws_partition.current",
            "module.notify_slack.data.aws_region.current"
          ]
        }
      ]
    },
    {
      "mode": "managed",
      "type": "aws_sns_topic_subscription",
      "name": "email",
      "provider": "provider[\"registry.terraform.io/hashicorp/aws\"]",
      "instances": [
        {
          "schema_version": 0,
          "attributes": {
            "arn": "arn:aws:sns:eu-central-1:360428973419:dev-lpnu-notification:9f56e231-49f3-44d6-9477-b3e19857ba35",
            "confirmation_timeout_in_minutes": 1,
            "confirmation_was_authenticated": false,
            "delivery_policy": "",
            "endpoint": "mykyta.datsko.it.2021@lpnu.ua",
            "endpoint_auto_confirms": false,
            "filter_policy": "",
            "id": "arn:aws:sns:eu-central-1:360428973419:dev-lpnu-notification:9f56e231-49f3-44d6-9477-b3e19857ba35",
            "owner_id": "360428973419",
            "pending_confirmation": false,
            "protocol": "email",
            "raw_message_delivery": false,
            "redrive_policy": "",
            "subscription_role_arn": "",
            "topic_arn": "arn:aws:sns:eu-central-1:360428973419:dev-lpnu-notification"
          },
          "sensitive_attributes": [],
          "private": "bnVsbA==",
          "dependencies": [
            "module.notify_slack.aws_sns_topic.this",
            "module.notify_slack.data.aws_caller_identity.current",
            "module.notify_slack.data.aws_partition.current",
            "module.notify_slack.data.aws_region.current"
          ]
        }
      ]
    },
    {
      "module": "module.create_dynamodb_tables",
      "mode": "managed",
      "type": "aws_dynamodb_table",
      "name": "authors",
      "provider": "provider[\"registry.terraform.io/hashicorp/aws\"]",
      "instances": [
        {
          "schema_version": 1,
          "attributes": {
            "arn": "arn:aws:dynamodb:eu-central-1:360428973419:table/authors",
            "attribute": [
              {
                "name": "id",
                "type": "S"
              }
            ],
            "billing_mode": "PROVISIONED",
            "global_secondary_index": [],
            "hash_key": "id",
            "id": "authors",
            "local_secondary_index": [],
            "name": "authors",
            "point_in_time_recovery": [
              {
                "enabled": false
              }
            ],
            "range_key": null,
            "read_capacity": 3,
            "replica": [],
            "restore_date_time": null,
            "restore_source_name": null,
            "restore_to_latest_time": null,
            "server_side_encryption": [],
            "stream_arn": "",
            "stream_enabled": false,
            "stream_label": "",
            "stream_view_type": "",
            "table_class": "",
            "tags": {},
            "tags_all": {},
            "timeouts": null,
            "ttl": [
              {
                "attribute_name": "",
                "enabled": false
              }
            ],
            "write_capacity": 3
          },
          "sensitive_attributes": [],
          "private": "eyJlMmJmYjczMC1lY2FhLTExZTYtOGY4OC0zNDM2M2JjN2M0YzAiOnsiY3JlYXRlIjoxODAwMDAwMDAwMDAwLCJkZWxldGUiOjYwMDAwMDAwMDAwMCwidXBkYXRlIjozNjAwMDAwMDAwMDAwfSwic2NoZW1hX3ZlcnNpb24iOiIxIn0="
        }
      ]
    },
    {
      "module": "module.create_dynamodb_tables",
      "mode": "managed",
      "type": "aws_dynamodb_table",
      "name": "courses",
      "provider": "provider[\"registry.terraform.io/hashicorp/aws\"]",
      "instances": [
        {
          "schema_version": 1,
          "attributes": {
            "arn": "arn:aws:dynamodb:eu-central-1:360428973419:table/courses",
            "attribute": [
              {
                "name": "id",
                "type": "S"
              }
            ],
            "billing_mode": "PROVISIONED",
            "global_secondary_index": [],
            "hash_key": "id",
            "id": "courses",
            "local_secondary_index": [],
            "name": "courses",
            "point_in_time_recovery": [
              {
                "enabled": false
              }
            ],
            "range_key": null,
            "read_capacity": 3,
            "replica": [],
            "restore_date_time": null,
            "restore_source_name": null,
            "restore_to_latest_time": null,
            "server_side_encryption": [],
            "stream_arn": "",
            "stream_enabled": false,
            "stream_label": "",
            "stream_view_type": "",
            "table_class": "",
            "tags": {},
            "tags_all": {},
            "timeouts": null,
            "ttl": [
              {
                "attribute_name": "",
                "enabled": false
              }
            ],
            "write_capacity": 3
          },
          "sensitive_attributes": [],
          "private": "eyJlMmJmYjczMC1lY2FhLTExZTYtOGY4OC0zNDM2M2JjN2M0YzAiOnsiY3JlYXRlIjoxODAwMDAwMDAwMDAwLCJkZWxldGUiOjYwMDAwMDAwMDAwMCwidXBkYXRlIjozNjAwMDAwMDAwMDAwfSwic2NoZW1hX3ZlcnNpb24iOiIxIn0="
        }
      ]
    },
    {
      "module": "module.frontend",
      "mode": "data",
      "type": "aws_iam_policy_document",
      "name": "this",
      "provider": "provider[\"registry.terraform.io/hashicorp/aws\"]",
      "instances": [
        {
          "schema_version": 0,
          "attributes": {
            "id": "829191897",
            "json": "{\n  \"Version\": \"2012-10-17\",\n  \"Statement\": [\n    {\n      \"Sid\": \"\",\n      \"Effect\": \"Allow\",\n      \"Action\": \"s3:GetObject\",\n      \"Resource\": \"arn:aws:s3:::frontend.dev.clouds.lpnu/*\",\n      \"Principal\": {\n        \"AWS\": \"arn:aws:iam::cloudfront:user/CloudFront Origin Access Identity E1UMH9ON7YFWMP\"\n      }\n    }\n  ]\n}",
            "override_json": null,
            "override_policy_documents": null,
            "policy_id": null,
            "source_json": null,
            "source_policy_documents": null,
            "statement": [
              {
                "actions": [
                  "s3:GetObject"
                ],
                "condition": [],
                "effect": "Allow",
                "not_actions": [],
                "not_principals": [],
                "not_resources": [],
                "principals": [
                  {
                    "identifiers": [
                      "arn:aws:iam::cloudfront:user/CloudFront Origin Access Identity E1UMH9ON7YFWMP"
                    ],
                    "type": "AWS"
                  }
                ],
                "resources": [
                  "arn:aws:s3:::frontend.dev.clouds.lpnu/*"
                ],
                "sid": ""
              }
            ],
            "version": "2012-10-17"
          },
          "sensitive_attributes": []
        }
      ]
    },
    {
      "module": "module.frontend",
      "mode": "managed",
      "type": "aws_cloudfront_distribution",
      "name": "this",
      "provider": "provider[\"registry.terraform.io/hashicorp/aws\"]",
      "instances": [
        {
          "schema_version": 1,
          "attributes": {
            "aliases": [],
            "arn": "arn:aws:cloudfront::360428973419:distribution/ECPA4EWVQGY37",
            "caller_reference": "terraform-20220609185015654000000001",
            "comment": null,
            "custom_error_response": [
              {
                "error_caching_min_ttl": 0,
                "error_code": 400,
                "response_code": 200,
                "response_page_path": "/index.html"
              },
              {
                "error_caching_min_ttl": 0,
                "error_code": 403,
                "response_code": 200,
                "response_page_path": "/index.html"
              },
              {
                "error_caching_min_ttl": 0,
                "error_code": 404,
                "response_code": 200,
                "response_page_path": "/index.html"
              }
            ],
            "default_cache_behavior": [
              {
                "allowed_methods": [
                  "DELETE",
                  "GET",
                  "HEAD",
                  "OPTIONS",
                  "PATCH",
                  "POST",
                  "PUT"
                ],
                "cache_policy_id": "",
                "cached_methods": [
                  "GET",
                  "HEAD"
                ],
                "compress": true,
                "default_ttl": 300,
                "field_level_encryption_id": "",
                "forwarded_values": [
                  {
                    "cookies": [
                      {
                        "forward": "none",
                        "whitelisted_names": []
                      }
                    ],
                    "headers": [],
                    "query_string": false,
                    "query_string_cache_keys": []
                  }
                ],
                "function_association": [],
                "lambda_function_association": [],
                "max_ttl": 300,
                "min_ttl": 300,
                "origin_request_policy_id": "",
                "realtime_log_config_arn": "",
                "response_headers_policy_id": "",
                "smooth_streaming": false,
                "target_origin_id": "frontend",
                "trusted_key_groups": [],
                "trusted_signers": [],
                "viewer_protocol_policy": "allow-all"
              }
            ],
            "default_root_object": "index.html",
            "domain_name": "d2q2f9sj0aag4x.cloudfront.net",
            "enabled": true,
            "etag": "E2VR52QTFLTXVR",
            "hosted_zone_id": "Z2FDTNDATAQYW2",
            "http_version": "http2",
            "id": "ECPA4EWVQGY37",
            "in_progress_validation_batches": 0,
            "is_ipv6_enabled": false,
            "last_modified_time": "2022-06-09 18:57:50.597 +0000 UTC",
            "logging_config": [],
            "ordered_cache_behavior": [],
            "origin": [
              {
                "connection_attempts": 3,
                "connection_timeout": 10,
                "custom_header": [],
                "custom_origin_config": [],
                "domain_name": "frontend.dev.clouds.lpnu.s3.eu-central-1.amazonaws.com",
                "origin_id": "frontend",
                "origin_path": "",
                "origin_shield": [],
                "s3_origin_config": [
                  {
                    "origin_access_identity": "origin-access-identity/cloudfront/E1UMH9ON7YFWMP"
                  }
                ]
              }
            ],
            "origin_group": [],
            "price_class": "PriceClass_100",
            "restrictions": [
              {
                "geo_restriction": [
                  {
                    "locations": [
                      "UA"
                    ],
                    "restriction_type": "whitelist"
                  }
                ]
              }
            ],
            "retain_on_delete": false,
            "status": "Deployed",
            "tags": {},
            "tags_all": {},
            "trusted_key_groups": [
              {
                "enabled": false,
                "items": []
              }
            ],
            "trusted_signers": [
              {
                "enabled": false,
                "items": []
              }
            ],
            "viewer_certificate": [
              {
                "acm_certificate_arn": "",
                "cloudfront_default_certificate": true,
                "iam_certificate_id": "",
                "minimum_protocol_version": "TLSv1",
                "ssl_support_method": ""
              }
            ],
            "wait_for_deployment": false,
            "web_acl_id": ""
          },
          "sensitive_attributes": [],
          "private": "eyJzY2hlbWFfdmVyc2lvbiI6IjEifQ==",
          "dependencies": [
            "module.frontend.aws_cloudfront_origin_access_identity.default",
            "module.frontend.aws_s3_bucket.this"
          ]
        }
      ]
    },
    {
      "module": "module.frontend",
      "mode": "managed",
      "type": "aws_cloudfront_origin_access_identity",
      "name": "default",
      "provider": "provider[\"registry.terraform.io/hashicorp/aws\"]",
      "instances": [
        {
          "schema_version": 0,
          "attributes": {
            "caller_reference": "terraform-20220609184047121300000001",
            "cloudfront_access_identity_path": "origin-access-identity/cloudfront/E1UMH9ON7YFWMP",
            "comment": "dev-lpnu-frontend",
            "etag": "E3QOHMAUDJ5KP5",
            "iam_arn": "arn:aws:iam::cloudfront:user/CloudFront Origin Access Identity E1UMH9ON7YFWMP",
            "id": "E1UMH9ON7YFWMP",
            "s3_canonical_user_id": "b7d4d7a7be442abadd001065430c9b3c9e2f81f61a919e3e5890af4a106c86d0ce4fcb861d03c699c52af203e03f349c"
          },
          "sensitive_attributes": [],
          "private": "bnVsbA=="
        }
      ]
    },
    {
      "module": "module.frontend",
      "mode": "managed",
      "type": "aws_s3_bucket",
      "name": "this",
      "provider": "provider[\"registry.terraform.io/hashicorp/aws\"]",
      "instances": [
        {
          "schema_version": 0,
          "attributes": {
            "acceleration_status": "",
            "acl": "private",
            "arn": "arn:aws:s3:::frontend.dev.clouds.lpnu",
            "bucket": "frontend.dev.clouds.lpnu",
            "bucket_domain_name": "frontend.dev.clouds.lpnu.s3.amazonaws.com",
            "bucket_prefix": null,
            "bucket_regional_domain_name": "frontend.dev.clouds.lpnu.s3.eu-central-1.amazonaws.com",
            "cors_rule": [],
            "force_destroy": true,
            "grant": [
              {
                "id": "f16d1c4425e6cde1a4c7022c162e76acec19b9ab13ea4d444dcbd3649f32f626",
                "permissions": [
                  "FULL_CONTROL"
                ],
                "type": "CanonicalUser",
                "uri": ""
              }
            ],
            "hosted_zone_id": "Z21DNDUVLTQW6Q",
            "id": "frontend.dev.clouds.lpnu",
            "lifecycle_rule": [],
            "logging": [],
            "object_lock_configuration": [],
            "object_lock_enabled": false,
            "policy": "{\"Version\":\"2012-10-17\",\"Statement\":[{\"Sid\":\"\",\"Effect\":\"Allow\",\"Principal\":{\"AWS\":\"arn:aws:iam::cloudfront:user/CloudFront Origin Access Identity E1UMH9ON7YFWMP\"},\"Action\":\"s3:GetObject\",\"Resource\":\"arn:aws:s3:::frontend.dev.clouds.lpnu/*\"}]}",
            "region": "eu-central-1",
            "replication_configuration": [],
            "request_payer": "BucketOwner",
            "server_side_encryption_configuration": [],
            "tags": {
              "Name": "dev-lpnu-frontend",
              "Namespace": "lpnu",
              "Stage": "dev"
            },
            "tags_all": {
              "Name": "dev-lpnu-frontend",
              "Namespace": "lpnu",
              "Stage": "dev"
            },
            "versioning": [
              {
                "enabled": false,
                "mfa_delete": false
              }
            ],
            "website": [],
            "website_domain": null,
            "website_endpoint": null
          },
          "sensitive_attributes": [],
          "private": "bnVsbA=="
        }
      ]
    },
    {
      "module": "module.frontend",
      "mode": "managed",
      "type": "aws_s3_bucket_policy",
      "name": "this",
      "provider": "provider[\"registry.terraform.io/hashicorp/aws\"]",
      "instances": [
        {
          "schema_version": 0,
          "attributes": {
            "bucket": "frontend.dev.clouds.lpnu",
            "id": "frontend.dev.clouds.lpnu",
            "policy": "{\"Statement\":[{\"Action\":\"s3:GetObject\",\"Effect\":\"Allow\",\"Principal\":{\"AWS\":\"arn:aws:iam::cloudfront:user/CloudFront Origin Access Identity E1UMH9ON7YFWMP\"},\"Resource\":\"arn:aws:s3:::frontend.dev.clouds.lpnu/*\",\"Sid\":\"\"}],\"Version\":\"2012-10-17\"}"
          },
          "sensitive_attributes": [],
          "private": "bnVsbA==",
          "dependencies": [
            "module.frontend.aws_cloudfront_origin_access_identity.default",
            "module.frontend.aws_s3_bucket.this",
            "module.frontend.data.aws_iam_policy_document.this"
          ]
        }
      ]
    },
    {
      "module": "module.lambda",
      "mode": "managed",
      "type": "aws_lambda_permission",
      "name": "api_gateway",
      "provider": "provider[\"registry.terraform.io/hashicorp/aws\"]",
      "instances": [
        {
          "schema_version": 0,
          "attributes": {
            "action": "lambda:InvokeFunction",
            "event_source_token": null,
            "function_name": "lambda_get_all_authors",
            "function_url_auth_type": null,
            "id": "AllowExecutionFromAPIGateway",
            "principal": "apigateway.amazonaws.com",
            "principal_org_id": null,
            "qualifier": "",
            "source_account": null,
            "source_arn": "arn:aws:execute-api:eu-central-1:360428973419:e1lbi5rd7f/*/authors",
            "statement_id": "AllowExecutionFromAPIGateway",
            "statement_id_prefix": ""
          },
          "sensitive_attributes": [],
          "private": "bnVsbA==",
          "dependencies": [
            "aws_api_gateway_resource.authors",
            "aws_api_gateway_rest_api.this",
            "module.lambda.module.lambda_function_get_all_authors.aws_cloudwatch_log_group.lambda",
            "module.lambda.module.lambda_function_get_all_authors.aws_iam_role.lambda",
            "module.lambda.module.lambda_function_get_all_authors.aws_lambda_function.this",
            "module.lambda.module.lambda_function_get_all_authors.aws_s3_object.lambda_package",
            "module.lambda.module.lambda_function_get_all_authors.data.aws_iam_policy_document.assume_role",
            "module.lambda.module.lambda_function_get_all_authors.data.external.archive_prepare",
            "module.lambda.module.lambda_function_get_all_authors.local_file.archive_plan",
            "module.lambda.module.lambda_function_get_all_authors.null_resource.archive"
          ]
        }
      ]
    },
    {
      "module": "module.lambda.module.lambda_function_delete_courses",
      "mode": "data",
      "type": "aws_iam_policy_document",
      "name": "assume_role",
      "provider": "provider[\"registry.terraform.io/hashicorp/aws\"]",
      "instances": [
        {
          "index_key": 0,
          "schema_version": 0,
          "attributes": {
            "id": "3693445097",
            "json": "{\n  \"Version\": \"2012-10-17\",\n  \"Statement\": [\n    {\n      \"Sid\": \"\",\n      \"Effect\": \"Allow\",\n      \"Action\": \"sts:AssumeRole\",\n      \"Principal\": {\n        \"Service\": \"lambda.amazonaws.com\"\n      }\n    }\n  ]\n}",
            "override_json": null,
            "override_policy_documents": null,
            "policy_id": null,
            "source_json": null,
            "source_policy_documents": null,
            "statement": [
              {
                "actions": [
                  "sts:AssumeRole"
                ],
                "condition": [],
                "effect": "Allow",
                "not_actions": [],
                "not_principals": [],
                "not_resources": [],
                "principals": [
                  {
                    "identifiers": [
                      "lambda.amazonaws.com"
                    ],
                    "type": "Service"
                  }
                ],
                "resources": [],
                "sid": ""
              }
            ],
            "version": "2012-10-17"
          },
          "sensitive_attributes": []
        }
      ]
    },
    {
      "module": "module.lambda.module.lambda_function_delete_courses",
      "mode": "data",
      "type": "aws_iam_policy_document",
      "name": "logs",
      "provider": "provider[\"registry.terraform.io/hashicorp/aws\"]",
      "instances": [
        {
          "index_key": 0,
          "schema_version": 0,
          "attributes": {
            "id": "2129664890",
            "json": "{\n  \"Version\": \"2012-10-17\",\n  \"Statement\": [\n    {\n      \"Sid\": \"\",\n      \"Effect\": \"Allow\",\n      \"Action\": [\n        \"logs:PutLogEvents\",\n        \"logs:CreateLogStream\",\n        \"logs:CreateLogGroup\"\n      ],\n      \"Resource\": [\n        \"arn:aws:logs:eu-central-1:360428973419:log-group:/aws/lambda/lambda_delete_courses:*:*\",\n        \"arn:aws:logs:eu-central-1:360428973419:log-group:/aws/lambda/lambda_delete_courses:*\"\n      ]\n    }\n  ]\n}",
            "override_json": null,
            "override_policy_documents": null,
            "policy_id": null,
            "source_json": null,
            "source_policy_documents": null,
            "statement": [
              {
                "actions": [
                  "logs:CreateLogGroup",
                  "logs:CreateLogStream",
                  "logs:PutLogEvents"
                ],
                "condition": [],
                "effect": "Allow",
                "not_actions": [],
                "not_principals": [],
                "not_resources": [],
                "principals": [],
                "resources": [
                  "arn:aws:logs:eu-central-1:360428973419:log-group:/aws/lambda/lambda_delete_courses:*",
                  "arn:aws:logs:eu-central-1:360428973419:log-group:/aws/lambda/lambda_delete_courses:*:*"
                ],
                "sid": ""
              }
            ],
            "version": "2012-10-17"
          },
          "sensitive_attributes": []
        }
      ]
    },
    {
      "module": "module.lambda.module.lambda_function_delete_courses",
      "mode": "data",
      "type": "aws_partition",
      "name": "current",
      "provider": "provider[\"registry.terraform.io/hashicorp/aws\"]",
      "instances": [
        {
          "schema_version": 0,
          "attributes": {
            "dns_suffix": "amazonaws.com",
            "id": "aws",
            "partition": "aws",
            "reverse_dns_prefix": "com.amazonaws"
          },
          "sensitive_attributes": []
        }
      ]
    },
    {
      "module": "module.lambda.module.lambda_function_delete_courses",
      "mode": "data",
      "type": "external",
      "name": "archive_prepare",
      "provider": "provider[\"registry.terraform.io/hashicorp/external\"]",
      "instances": [
        {
          "index_key": 0,
          "schema_version": 0,
          "attributes": {
            "id": "-",
            "program": [
              "python3",
              ".terraform/modules/lambda.lambda_function_delete_courses/package.py",
              "prepare"
            ],
            "query": {
              "artifacts_dir": "builds",
              "hash_extra": "",
              "hash_extra_paths": "[]",
              "paths": "{\"cwd\":\"/home/nikita/Cloud/terraform\",\"module\":\".terraform/modules/lambda.lambda_function_delete_courses\",\"root\":\".\"}",
              "recreate_missing_package": "true",
              "runtime": "nodejs16.x",
              "source_path": "\"modules/lambda/lambda_source/delete-courses/index.js\""
            },
            "result": {
              "build_plan": "{\"filename\": \"builds/8655b94f3ed63e865f739ee34f6b2f9e0777da1591d7148a210b9f7b22556351.zip\", \"runtime\": \"nodejs16.x\", \"artifacts_dir\": \"builds\", \"build_plan\": [[\"zip\", \"modules/lambda/lambda_source/delete-courses/index.js\", null]]}",
              "build_plan_filename": "builds/8655b94f3ed63e865f739ee34f6b2f9e0777da1591d7148a210b9f7b22556351.plan.json",
              "filename": "builds/8655b94f3ed63e865f739ee34f6b2f9e0777da1591d7148a210b9f7b22556351.zip",
              "timestamp": "1654813138843590000",
              "was_missing": "false"
            },
            "working_dir": null
          },
          "sensitive_attributes": []
        }
      ]
    },
    {
      "module": "module.lambda.module.lambda_function_delete_courses",
      "mode": "managed",
      "type": "aws_cloudwatch_log_group",
      "name": "lambda",
      "provider": "provider[\"registry.terraform.io/hashicorp/aws\"]",
      "instances": [
        {
          "index_key": 0,
          "schema_version": 0,
          "attributes": {
            "arn": "arn:aws:logs:eu-central-1:360428973419:log-group:/aws/lambda/lambda_delete_courses",
            "id": "/aws/lambda/lambda_delete_courses",
            "kms_key_id": "",
            "name": "/aws/lambda/lambda_delete_courses",
            "name_prefix": null,
            "retention_in_days": 0,
            "tags": {
              "Name": "my-lambda5"
            },
            "tags_all": {
              "Name": "my-lambda5"
            }
          },
          "sensitive_attributes": [],
          "private": "bnVsbA=="
        }
      ]
    },
    {
      "module": "module.lambda.module.lambda_function_delete_courses",
      "mode": "managed",
      "type": "aws_iam_policy",
      "name": "logs",
      "provider": "provider[\"registry.terraform.io/hashicorp/aws\"]",
      "instances": [
        {
          "index_key": 0,
          "schema_version": 0,
          "attributes": {
            "arn": "arn:aws:iam::360428973419:policy/lambda_delete_courses-logs",
            "description": "",
            "id": "arn:aws:iam::360428973419:policy/lambda_delete_courses-logs",
            "name": "lambda_delete_courses-logs",
            "name_prefix": null,
            "path": "/",
            "policy": "{\"Statement\":[{\"Action\":[\"logs:PutLogEvents\",\"logs:CreateLogStream\",\"logs:CreateLogGroup\"],\"Effect\":\"Allow\",\"Resource\":[\"arn:aws:logs:eu-central-1:360428973419:log-group:/aws/lambda/lambda_delete_courses:*:*\",\"arn:aws:logs:eu-central-1:360428973419:log-group:/aws/lambda/lambda_delete_courses:*\"],\"Sid\":\"\"}],\"Version\":\"2012-10-17\"}",
            "policy_id": "ANPAVH2Z5VVVUXBNNIQBZ",
            "tags": {
              "Name": "my-lambda5"
            },
            "tags_all": {
              "Name": "my-lambda5"
            }
          },
          "sensitive_attributes": [],
          "private": "bnVsbA==",
          "dependencies": [
            "module.lambda.module.lambda_function_delete_courses.aws_cloudwatch_log_group.lambda",
            "module.lambda.module.lambda_function_delete_courses.data.aws_arn.log_group_arn",
            "module.lambda.module.lambda_function_delete_courses.data.aws_cloudwatch_log_group.lambda",
            "module.lambda.module.lambda_function_delete_courses.data.aws_iam_policy_document.logs"
          ]
        }
      ]
    },
    {
      "module": "module.lambda.module.lambda_function_delete_courses",
      "mode": "managed",
      "type": "aws_iam_role",
      "name": "lambda",
      "provider": "provider[\"registry.terraform.io/hashicorp/aws\"]",
      "instances": [
        {
          "index_key": 0,
          "schema_version": 0,
          "attributes": {
            "arn": "arn:aws:iam::360428973419:role/lambda_delete_courses",
            "assume_role_policy": "{\"Version\":\"2012-10-17\",\"Statement\":[{\"Sid\":\"\",\"Effect\":\"Allow\",\"Principal\":{\"Service\":\"lambda.amazonaws.com\"},\"Action\":\"sts:AssumeRole\"}]}",
            "create_date": "2022-06-09T03:09:19Z",
            "description": "",
            "force_detach_policies": true,
            "id": "lambda_delete_courses",
            "inline_policy": [
              {
                "name": "",
                "policy": ""
              }
            ],
            "managed_policy_arns": [
              "arn:aws:iam::360428973419:policy/courses-rights",
              "arn:aws:iam::360428973419:policy/lambda_delete_courses-logs"
            ],
            "max_session_duration": 3600,
            "name": "lambda_delete_courses",
            "name_prefix": "",
            "path": "/",
            "permissions_boundary": null,
            "tags": {
              "Name": "my-lambda5"
            },
            "tags_all": {
              "Name": "my-lambda5"
            },
            "unique_id": "AROAVH2Z5VVVSZL3FWDIL"
          },
          "sensitive_attributes": [],
          "private": "bnVsbA==",
          "dependencies": [
            "module.lambda.module.lambda_function_delete_courses.data.aws_iam_policy_document.assume_role"
          ]
        }
      ]
    },
    {
      "module": "module.lambda.module.lambda_function_delete_courses",
      "mode": "managed",
      "type": "aws_iam_role_policy_attachment",
      "name": "logs",
      "provider": "provider[\"registry.terraform.io/hashicorp/aws\"]",
      "instances": [
        {
          "index_key": 0,
          "schema_version": 0,
          "attributes": {
            "id": "lambda_delete_courses-20220609030924638200000002",
            "policy_arn": "arn:aws:iam::360428973419:policy/lambda_delete_courses-logs",
            "role": "lambda_delete_courses"
          },
          "sensitive_attributes": [],
          "private": "bnVsbA==",
          "dependencies": [
            "module.lambda.module.lambda_function_delete_courses.aws_cloudwatch_log_group.lambda",
            "module.lambda.module.lambda_function_delete_courses.aws_iam_policy.logs",
            "module.lambda.module.lambda_function_delete_courses.aws_iam_role.lambda",
            "module.lambda.module.lambda_function_delete_courses.data.aws_arn.log_group_arn",
            "module.lambda.module.lambda_function_delete_courses.data.aws_cloudwatch_log_group.lambda",
            "module.lambda.module.lambda_function_delete_courses.data.aws_iam_policy_document.assume_role",
            "module.lambda.module.lambda_function_delete_courses.data.aws_iam_policy_document.logs"
          ]
        }
      ]
    },
    {
      "module": "module.lambda.module.lambda_function_delete_courses",
      "mode": "managed",
      "type": "aws_lambda_function",
      "name": "this",
      "provider": "provider[\"registry.terraform.io/hashicorp/aws\"]",
      "instances": [
        {
          "index_key": 0,
          "schema_version": 0,
          "attributes": {
            "architectures": [
              "x86_64"
            ],
            "arn": "arn:aws:lambda:eu-central-1:360428973419:function:lambda_delete_courses",
            "code_signing_config_arn": "",
            "dead_letter_config": [],
            "description": "delete_courses",
            "environment": [],
            "ephemeral_storage": [
              {
                "size": 512
              }
            ],
            "file_system_config": [],
            "filename": "builds/8655b94f3ed63e865f739ee34f6b2f9e0777da1591d7148a210b9f7b22556351.zip",
            "function_name": "lambda_delete_courses",
            "handler": "index.handler",
            "id": "lambda_delete_courses",
            "image_config": [],
            "image_uri": "",
            "invoke_arn": "arn:aws:apigateway:eu-central-1:lambda:path/2015-03-31/functions/arn:aws:lambda:eu-central-1:360428973419:function:lambda_delete_courses/invocations",
            "kms_key_arn": "",
            "last_modified": "2022-06-09T22:19:06.000+0000",
            "layers": [],
            "memory_size": 128,
            "package_type": "Zip",
            "publish": false,
            "qualified_arn": "arn:aws:lambda:eu-central-1:360428973419:function:lambda_delete_courses:$LATEST",
            "reserved_concurrent_executions": -1,
            "role": "arn:aws:iam::360428973419:role/lambda_delete_courses",
            "runtime": "nodejs16.x",
            "s3_bucket": null,
            "s3_key": null,
            "s3_object_version": null,
            "signing_job_arn": "",
            "signing_profile_version_arn": "",
            "source_code_hash": "Xh11f6ibapnh46ovRnFfeI2VCETw6+mnPV1jvEau2ss=",
            "source_code_size": 381,
            "tags": {
              "Name": "my-lambda5"
            },
            "tags_all": {
              "Name": "my-lambda5"
            },
            "timeout": 3,
            "timeouts": null,
            "tracing_config": [
              {
                "mode": "PassThrough"
              }
            ],
            "version": "$LATEST",
            "vpc_config": []
          },
          "sensitive_attributes": [],
          "private": "eyJlMmJmYjczMC1lY2FhLTExZTYtOGY4OC0zNDM2M2JjN2M0YzAiOnsiY3JlYXRlIjo2MDAwMDAwMDAwMDB9fQ==",
          "dependencies": [
            "module.lambda.module.lambda_function_delete_courses.aws_cloudwatch_log_group.lambda",
            "module.lambda.module.lambda_function_delete_courses.aws_iam_role.lambda",
            "module.lambda.module.lambda_function_delete_courses.aws_s3_object.lambda_package",
            "module.lambda.module.lambda_function_delete_courses.data.aws_iam_policy_document.assume_role",
            "module.lambda.module.lambda_function_delete_courses.data.external.archive_prepare",
            "module.lambda.module.lambda_function_delete_courses.local_file.archive_plan",
            "module.lambda.module.lambda_function_delete_courses.null_resource.archive"
          ]
        }
      ]
    },
    {
      "module": "module.lambda.module.lambda_function_delete_courses",
      "mode": "managed",
      "type": "local_file",
      "name": "archive_plan",
      "provider": "provider[\"registry.terraform.io/hashicorp/local\"]",
      "instances": [
        {
          "index_key": 0,
          "schema_version": 0,
          "attributes": {
            "content": "{\"filename\": \"builds/8655b94f3ed63e865f739ee34f6b2f9e0777da1591d7148a210b9f7b22556351.zip\", \"runtime\": \"nodejs16.x\", \"artifacts_dir\": \"builds\", \"build_plan\": [[\"zip\", \"modules/lambda/lambda_source/delete-courses/index.js\", null]]}",
            "content_base64": null,
            "directory_permission": "0755",
            "file_permission": "0644",
            "filename": "builds/8655b94f3ed63e865f739ee34f6b2f9e0777da1591d7148a210b9f7b22556351.plan.json",
            "id": "7c243a9341b6d0f35c98f90b077bc4a02fd3f65d",
            "sensitive_content": null,
            "source": null
          },
          "sensitive_attributes": [],
          "private": "bnVsbA==",
          "dependencies": [
            "module.lambda.module.lambda_function_delete_courses.data.external.archive_prepare"
          ]
        }
      ]
    },
    {
      "module": "module.lambda.module.lambda_function_delete_courses",
      "mode": "managed",
      "type": "null_resource",
      "name": "archive",
      "provider": "provider[\"registry.terraform.io/hashicorp/null\"]",
      "instances": [
        {
          "index_key": 0,
          "schema_version": 0,
          "attributes": {
            "id": "2238025719754755399",
            "triggers": {
              "filename": "builds/8655b94f3ed63e865f739ee34f6b2f9e0777da1591d7148a210b9f7b22556351.zip",
              "timestamp": "1654813138843590000"
            }
          },
          "sensitive_attributes": [],
          "private": "bnVsbA==",
          "dependencies": [
            "module.lambda.module.lambda_function_delete_courses.data.external.archive_prepare",
            "module.lambda.module.lambda_function_delete_courses.local_file.archive_plan"
          ]
        }
      ]
    },
    {
      "module": "module.lambda.module.lambda_function_get_all_authors",
      "mode": "data",
      "type": "aws_iam_policy_document",
      "name": "assume_role",
      "provider": "provider[\"registry.terraform.io/hashicorp/aws\"]",
      "instances": [
        {
          "index_key": 0,
          "schema_version": 0,
          "attributes": {
            "id": "3693445097",
            "json": "{\n  \"Version\": \"2012-10-17\",\n  \"Statement\": [\n    {\n      \"Sid\": \"\",\n      \"Effect\": \"Allow\",\n      \"Action\": \"sts:AssumeRole\",\n      \"Principal\": {\n        \"Service\": \"lambda.amazonaws.com\"\n      }\n    }\n  ]\n}",
            "override_json": null,
            "override_policy_documents": null,
            "policy_id": null,
            "source_json": null,
            "source_policy_documents": null,
            "statement": [
              {
                "actions": [
                  "sts:AssumeRole"
                ],
                "condition": [],
                "effect": "Allow",
                "not_actions": [],
                "not_principals": [],
                "not_resources": [],
                "principals": [
                  {
                    "identifiers": [
                      "lambda.amazonaws.com"
                    ],
                    "type": "Service"
                  }
                ],
                "resources": [],
                "sid": ""
              }
            ],
            "version": "2012-10-17"
          },
          "sensitive_attributes": []
        }
      ]
    },
    {
      "module": "module.lambda.module.lambda_function_get_all_authors",
      "mode": "data",
      "type": "aws_iam_policy_document",
      "name": "logs",
      "provider": "provider[\"registry.terraform.io/hashicorp/aws\"]",
      "instances": [
        {
          "index_key": 0,
          "schema_version": 0,
          "attributes": {
            "id": "4102215612",
            "json": "{\n  \"Version\": \"2012-10-17\",\n  \"Statement\": [\n    {\n      \"Sid\": \"\",\n      \"Effect\": \"Allow\",\n      \"Action\": [\n        \"logs:PutLogEvents\",\n        \"logs:CreateLogStream\",\n        \"logs:CreateLogGroup\"\n      ],\n      \"Resource\": [\n        \"arn:aws:logs:eu-central-1:360428973419:log-group:/aws/lambda/lambda_get_all_authors:*:*\",\n        \"arn:aws:logs:eu-central-1:360428973419:log-group:/aws/lambda/lambda_get_all_authors:*\"\n      ]\n    }\n  ]\n}",
            "override_json": null,
            "override_policy_documents": null,
            "policy_id": null,
            "source_json": null,
            "source_policy_documents": null,
            "statement": [
              {
                "actions": [
                  "logs:CreateLogGroup",
                  "logs:CreateLogStream",
                  "logs:PutLogEvents"
                ],
                "condition": [],
                "effect": "Allow",
                "not_actions": [],
                "not_principals": [],
                "not_resources": [],
                "principals": [],
                "resources": [
                  "arn:aws:logs:eu-central-1:360428973419:log-group:/aws/lambda/lambda_get_all_authors:*",
                  "arn:aws:logs:eu-central-1:360428973419:log-group:/aws/lambda/lambda_get_all_authors:*:*"
                ],
                "sid": ""
              }
            ],
            "version": "2012-10-17"
          },
          "sensitive_attributes": []
        }
      ]
    },
    {
      "module": "module.lambda.module.lambda_function_get_all_authors",
      "mode": "data",
      "type": "aws_partition",
      "name": "current",
      "provider": "provider[\"registry.terraform.io/hashicorp/aws\"]",
      "instances": [
        {
          "schema_version": 0,
          "attributes": {
            "dns_suffix": "amazonaws.com",
            "id": "aws",
            "partition": "aws",
            "reverse_dns_prefix": "com.amazonaws"
          },
          "sensitive_attributes": []
        }
      ]
    },
    {
      "module": "module.lambda.module.lambda_function_get_all_authors",
      "mode": "data",
      "type": "external",
      "name": "archive_prepare",
      "provider": "provider[\"registry.terraform.io/hashicorp/external\"]",
      "instances": [
        {
          "index_key": 0,
          "schema_version": 0,
          "attributes": {
            "id": "-",
            "program": [
              "python3",
              ".terraform/modules/lambda.lambda_function_get_all_authors/package.py",
              "prepare"
            ],
            "query": {
              "artifacts_dir": "builds",
              "hash_extra": "",
              "hash_extra_paths": "[]",
              "paths": "{\"cwd\":\"/home/nikita/Cloud/terraform\",\"module\":\".terraform/modules/lambda.lambda_function_get_all_authors\",\"root\":\".\"}",
              "recreate_missing_package": "true",
              "runtime": "nodejs16.x",
              "source_path": "\"modules/lambda/lambda_source/get-all-authors/index.js\""
            },
            "result": {
              "build_plan": "{\"filename\": \"builds/349635bf10a5db411aade93a0f13a8dda80a2a60ebc872886965e64d1f2b7d27.zip\", \"runtime\": \"nodejs16.x\", \"artifacts_dir\": \"builds\", \"build_plan\": [[\"zip\", \"modules/lambda/lambda_source/get-all-authors/index.js\", null]]}",
              "build_plan_filename": "builds/349635bf10a5db411aade93a0f13a8dda80a2a60ebc872886965e64d1f2b7d27.plan.json",
              "filename": "builds/349635bf10a5db411aade93a0f13a8dda80a2a60ebc872886965e64d1f2b7d27.zip",
              "timestamp": "1654744141844177000",
              "was_missing": "false"
            },
            "working_dir": null
          },
          "sensitive_attributes": []
        }
      ]
    },
    {
      "module": "module.lambda.module.lambda_function_get_all_authors",
      "mode": "managed",
      "type": "aws_cloudwatch_log_group",
      "name": "lambda",
      "provider": "provider[\"registry.terraform.io/hashicorp/aws\"]",
      "instances": [
        {
          "index_key": 0,
          "schema_version": 0,
          "attributes": {
            "arn": "arn:aws:logs:eu-central-1:360428973419:log-group:/aws/lambda/lambda_get_all_authors",
            "id": "/aws/lambda/lambda_get_all_authors",
            "kms_key_id": "",
            "name": "/aws/lambda/lambda_get_all_authors",
            "name_prefix": null,
            "retention_in_days": 0,
            "tags": {
              "Name": "my-lambda2"
            },
            "tags_all": {
              "Name": "my-lambda2"
            }
          },
          "sensitive_attributes": [],
          "private": "bnVsbA=="
        }
      ]
    },
    {
      "module": "module.lambda.module.lambda_function_get_all_authors",
      "mode": "managed",
      "type": "aws_iam_policy",
      "name": "logs",
      "provider": "provider[\"registry.terraform.io/hashicorp/aws\"]",
      "instances": [
        {
          "index_key": 0,
          "schema_version": 0,
          "attributes": {
            "arn": "arn:aws:iam::360428973419:policy/lambda_get_all_authors-logs",
            "description": "",
            "id": "arn:aws:iam::360428973419:policy/lambda_get_all_authors-logs",
            "name": "lambda_get_all_authors-logs",
            "name_prefix": null,
            "path": "/",
            "policy": "{\"Statement\":[{\"Action\":[\"logs:PutLogEvents\",\"logs:CreateLogStream\",\"logs:CreateLogGroup\"],\"Effect\":\"Allow\",\"Resource\":[\"arn:aws:logs:eu-central-1:360428973419:log-group:/aws/lambda/lambda_get_all_authors:*:*\",\"arn:aws:logs:eu-central-1:360428973419:log-group:/aws/lambda/lambda_get_all_authors:*\"],\"Sid\":\"\"}],\"Version\":\"2012-10-17\"}",
            "policy_id": "ANPAVH2Z5VVVYFEVXC3QQ",
            "tags": {
              "Name": "my-lambda2"
            },
            "tags_all": {
              "Name": "my-lambda2"
            }
          },
          "sensitive_attributes": [],
          "private": "bnVsbA==",
          "dependencies": [
            "module.lambda.module.lambda_function_get_all_authors.aws_cloudwatch_log_group.lambda",
            "module.lambda.module.lambda_function_get_all_authors.data.aws_arn.log_group_arn",
            "module.lambda.module.lambda_function_get_all_authors.data.aws_cloudwatch_log_group.lambda",
            "module.lambda.module.lambda_function_get_all_authors.data.aws_iam_policy_document.logs"
          ]
        }
      ]
    },
    {
      "module": "module.lambda.module.lambda_function_get_all_authors",
      "mode": "managed",
      "type": "aws_iam_role",
      "name": "lambda",
      "provider": "provider[\"registry.terraform.io/hashicorp/aws\"]",
      "instances": [
        {
          "index_key": 0,
          "schema_version": 0,
          "attributes": {
            "arn": "arn:aws:iam::360428973419:role/lambda_get_all_authors",
            "assume_role_policy": "{\"Version\":\"2012-10-17\",\"Statement\":[{\"Sid\":\"\",\"Effect\":\"Allow\",\"Principal\":{\"Service\":\"lambda.amazonaws.com\"},\"Action\":\"sts:AssumeRole\"}]}",
            "create_date": "2022-06-09T03:09:20Z",
            "description": "",
            "force_detach_policies": true,
            "id": "lambda_get_all_authors",
            "inline_policy": [
              {
                "name": "",
                "policy": ""
              }
            ],
            "managed_policy_arns": [
              "arn:aws:iam::360428973419:policy/authors-rights",
              "arn:aws:iam::360428973419:policy/lambda_get_all_authors-logs"
            ],
            "max_session_duration": 3600,
            "name": "lambda_get_all_authors",
            "name_prefix": "",
            "path": "/",
            "permissions_boundary": null,
            "tags": {
              "Name": "my-lambda2"
            },
            "tags_all": {
              "Name": "my-lambda2"
            },
            "unique_id": "AROAVH2Z5VVVRC52EB35Z"
          },
          "sensitive_attributes": [],
          "private": "bnVsbA==",
          "dependencies": [
            "module.lambda.module.lambda_function_get_all_authors.data.aws_iam_policy_document.assume_role"
          ]
        }
      ]
    },
    {
      "module": "module.lambda.module.lambda_function_get_all_authors",
      "mode": "managed",
      "type": "aws_iam_role_policy_attachment",
      "name": "logs",
      "provider": "provider[\"registry.terraform.io/hashicorp/aws\"]",
      "instances": [
        {
          "index_key": 0,
          "schema_version": 0,
          "attributes": {
            "id": "lambda_get_all_authors-20220609030925283400000006",
            "policy_arn": "arn:aws:iam::360428973419:policy/lambda_get_all_authors-logs",
            "role": "lambda_get_all_authors"
          },
          "sensitive_attributes": [],
          "private": "bnVsbA==",
          "dependencies": [
            "module.lambda.module.lambda_function_get_all_authors.aws_cloudwatch_log_group.lambda",
            "module.lambda.module.lambda_function_get_all_authors.aws_iam_policy.logs",
            "module.lambda.module.lambda_function_get_all_authors.aws_iam_role.lambda",
            "module.lambda.module.lambda_function_get_all_authors.data.aws_arn.log_group_arn",
            "module.lambda.module.lambda_function_get_all_authors.data.aws_cloudwatch_log_group.lambda",
            "module.lambda.module.lambda_function_get_all_authors.data.aws_iam_policy_document.assume_role",
            "module.lambda.module.lambda_function_get_all_authors.data.aws_iam_policy_document.logs"
          ]
        }
      ]
    },
    {
      "module": "module.lambda.module.lambda_function_get_all_authors",
      "mode": "managed",
      "type": "aws_lambda_function",
      "name": "this",
      "provider": "provider[\"registry.terraform.io/hashicorp/aws\"]",
      "instances": [
        {
          "index_key": 0,
          "schema_version": 0,
          "attributes": {
            "architectures": [
              "x86_64"
            ],
            "arn": "arn:aws:lambda:eu-central-1:360428973419:function:lambda_get_all_authors",
            "code_signing_config_arn": "",
            "dead_letter_config": [],
            "description": "get_all_authors",
            "environment": [],
            "ephemeral_storage": [
              {
                "size": 512
              }
            ],
            "file_system_config": [],
            "filename": "builds/349635bf10a5db411aade93a0f13a8dda80a2a60ebc872886965e64d1f2b7d27.zip",
            "function_name": "lambda_get_all_authors",
            "handler": "index.handler",
            "id": "lambda_get_all_authors",
            "image_config": [],
            "image_uri": "",
            "invoke_arn": "arn:aws:apigateway:eu-central-1:lambda:path/2015-03-31/functions/arn:aws:lambda:eu-central-1:360428973419:function:lambda_get_all_authors/invocations",
            "kms_key_arn": "",
            "last_modified": "2022-06-09T21:26:29.112+0000",
            "layers": [],
            "memory_size": 128,
            "package_type": "Zip",
            "publish": false,
            "qualified_arn": "arn:aws:lambda:eu-central-1:360428973419:function:lambda_get_all_authors:$LATEST",
            "reserved_concurrent_executions": -1,
            "role": "arn:aws:iam::360428973419:role/lambda_get_all_authors",
            "runtime": "nodejs16.x",
            "s3_bucket": null,
            "s3_key": null,
            "s3_object_version": null,
            "signing_job_arn": "",
            "signing_profile_version_arn": "",
            "source_code_hash": "Jhg+YVP5n+8ngzJddf+dDFU1cMZc0YGV6yRRPsFnECo=",
            "source_code_size": 359,
            "tags": {
              "Name": "my-lambda2"
            },
            "tags_all": {
              "Name": "my-lambda2"
            },
            "timeout": 3,
            "timeouts": null,
            "tracing_config": [
              {
                "mode": "PassThrough"
              }
            ],
            "version": "$LATEST",
            "vpc_config": []
          },
          "sensitive_attributes": [],
          "private": "eyJlMmJmYjczMC1lY2FhLTExZTYtOGY4OC0zNDM2M2JjN2M0YzAiOnsiY3JlYXRlIjo2MDAwMDAwMDAwMDB9fQ==",
          "dependencies": [
            "module.lambda.module.lambda_function_get_all_authors.aws_cloudwatch_log_group.lambda",
            "module.lambda.module.lambda_function_get_all_authors.aws_iam_role.lambda",
            "module.lambda.module.lambda_function_get_all_authors.aws_s3_object.lambda_package",
            "module.lambda.module.lambda_function_get_all_authors.data.aws_iam_policy_document.assume_role",
            "module.lambda.module.lambda_function_get_all_authors.data.external.archive_prepare",
            "module.lambda.module.lambda_function_get_all_authors.local_file.archive_plan",
            "module.lambda.module.lambda_function_get_all_authors.null_resource.archive"
          ]
        }
      ]
    },
    {
      "module": "module.lambda.module.lambda_function_get_all_authors",
      "mode": "managed",
      "type": "local_file",
      "name": "archive_plan",
      "provider": "provider[\"registry.terraform.io/hashicorp/local\"]",
      "instances": [
        {
          "index_key": 0,
          "schema_version": 0,
          "attributes": {
            "content": "{\"filename\": \"builds/349635bf10a5db411aade93a0f13a8dda80a2a60ebc872886965e64d1f2b7d27.zip\", \"runtime\": \"nodejs16.x\", \"artifacts_dir\": \"builds\", \"build_plan\": [[\"zip\", \"modules/lambda/lambda_source/get-all-authors/index.js\", null]]}",
            "content_base64": null,
            "directory_permission": "0755",
            "file_permission": "0644",
            "filename": "builds/349635bf10a5db411aade93a0f13a8dda80a2a60ebc872886965e64d1f2b7d27.plan.json",
            "id": "be623b05a8fac9dc90e8769ed976c294c81f6e92",
            "sensitive_content": null,
            "source": null
          },
          "sensitive_attributes": [],
          "private": "bnVsbA==",
          "dependencies": [
            "module.lambda.module.lambda_function_get_all_authors.data.external.archive_prepare"
          ]
        }
      ]
    },
    {
      "module": "module.lambda.module.lambda_function_get_all_authors",
      "mode": "managed",
      "type": "null_resource",
      "name": "archive",
      "provider": "provider[\"registry.terraform.io/hashicorp/null\"]",
      "instances": [
        {
          "index_key": 0,
          "schema_version": 0,
          "attributes": {
            "id": "2449636659929172855",
            "triggers": {
              "filename": "builds/349635bf10a5db411aade93a0f13a8dda80a2a60ebc872886965e64d1f2b7d27.zip",
              "timestamp": "1654744141844177000"
            }
          },
          "sensitive_attributes": [],
          "private": "bnVsbA==",
          "dependencies": [
            "module.lambda.module.lambda_function_get_all_authors.data.external.archive_prepare",
            "module.lambda.module.lambda_function_get_all_authors.local_file.archive_plan"
          ]
        }
      ]
    },
    {
      "module": "module.lambda.module.lambda_function_get_all_courses",
      "mode": "data",
      "type": "aws_iam_policy_document",
      "name": "assume_role",
      "provider": "provider[\"registry.terraform.io/hashicorp/aws\"]",
      "instances": [
        {
          "index_key": 0,
          "schema_version": 0,
          "attributes": {
            "id": "3693445097",
            "json": "{\n  \"Version\": \"2012-10-17\",\n  \"Statement\": [\n    {\n      \"Sid\": \"\",\n      \"Effect\": \"Allow\",\n      \"Action\": \"sts:AssumeRole\",\n      \"Principal\": {\n        \"Service\": \"lambda.amazonaws.com\"\n      }\n    }\n  ]\n}",
            "override_json": null,
            "override_policy_documents": null,
            "policy_id": null,
            "source_json": null,
            "source_policy_documents": null,
            "statement": [
              {
                "actions": [
                  "sts:AssumeRole"
                ],
                "condition": [],
                "effect": "Allow",
                "not_actions": [],
                "not_principals": [],
                "not_resources": [],
                "principals": [
                  {
                    "identifiers": [
                      "lambda.amazonaws.com"
                    ],
                    "type": "Service"
                  }
                ],
                "resources": [],
                "sid": ""
              }
            ],
            "version": "2012-10-17"
          },
          "sensitive_attributes": []
        }
      ]
    },
    {
      "module": "module.lambda.module.lambda_function_get_all_courses",
      "mode": "data",
      "type": "aws_iam_policy_document",
      "name": "logs",
      "provider": "provider[\"registry.terraform.io/hashicorp/aws\"]",
      "instances": [
        {
          "index_key": 0,
          "schema_version": 0,
          "attributes": {
            "id": "2741684808",
            "json": "{\n  \"Version\": \"2012-10-17\",\n  \"Statement\": [\n    {\n      \"Sid\": \"\",\n      \"Effect\": \"Allow\",\n      \"Action\": [\n        \"logs:PutLogEvents\",\n        \"logs:CreateLogStream\",\n        \"logs:CreateLogGroup\"\n      ],\n      \"Resource\": [\n        \"arn:aws:logs:eu-central-1:360428973419:log-group:/aws/lambda/lambda_get_all_courses:*:*\",\n        \"arn:aws:logs:eu-central-1:360428973419:log-group:/aws/lambda/lambda_get_all_courses:*\"\n      ]\n    }\n  ]\n}",
            "override_json": null,
            "override_policy_documents": null,
            "policy_id": null,
            "source_json": null,
            "source_policy_documents": null,
            "statement": [
              {
                "actions": [
                  "logs:CreateLogGroup",
                  "logs:CreateLogStream",
                  "logs:PutLogEvents"
                ],
                "condition": [],
                "effect": "Allow",
                "not_actions": [],
                "not_principals": [],
                "not_resources": [],
                "principals": [],
                "resources": [
                  "arn:aws:logs:eu-central-1:360428973419:log-group:/aws/lambda/lambda_get_all_courses:*",
                  "arn:aws:logs:eu-central-1:360428973419:log-group:/aws/lambda/lambda_get_all_courses:*:*"
                ],
                "sid": ""
              }
            ],
            "version": "2012-10-17"
          },
          "sensitive_attributes": []
        }
      ]
    },
    {
      "module": "module.lambda.module.lambda_function_get_all_courses",
      "mode": "data",
      "type": "aws_partition",
      "name": "current",
      "provider": "provider[\"registry.terraform.io/hashicorp/aws\"]",
      "instances": [
        {
          "schema_version": 0,
          "attributes": {
            "dns_suffix": "amazonaws.com",
            "id": "aws",
            "partition": "aws",
            "reverse_dns_prefix": "com.amazonaws"
          },
          "sensitive_attributes": []
        }
      ]
    },
    {
      "module": "module.lambda.module.lambda_function_get_all_courses",
      "mode": "data",
      "type": "external",
      "name": "archive_prepare",
      "provider": "provider[\"registry.terraform.io/hashicorp/external\"]",
      "instances": [
        {
          "index_key": 0,
          "schema_version": 0,
          "attributes": {
            "id": "-",
            "program": [
              "python3",
              ".terraform/modules/lambda.lambda_function_get_all_courses/package.py",
              "prepare"
            ],
            "query": {
              "artifacts_dir": "builds",
              "hash_extra": "",
              "hash_extra_paths": "[]",
              "paths": "{\"cwd\":\"/home/nikita/Cloud/terraform\",\"module\":\".terraform/modules/lambda.lambda_function_get_all_courses\",\"root\":\".\"}",
              "recreate_missing_package": "true",
              "runtime": "nodejs16.x",
              "source_path": "\"modules/lambda/lambda_source/get-all-courses/index.js\""
            },
            "result": {
              "build_plan": "{\"filename\": \"builds/a80fdd6334a7f1d69f605342b4983db2b2409d83ed91e2bf378c970d5252e162.zip\", \"runtime\": \"nodejs16.x\", \"artifacts_dir\": \"builds\", \"build_plan\": [[\"zip\", \"modules/lambda/lambda_source/get-all-courses/index.js\", null]]}",
              "build_plan_filename": "builds/a80fdd6334a7f1d69f605342b4983db2b2409d83ed91e2bf378c970d5252e162.plan.json",
              "filename": "builds/a80fdd6334a7f1d69f605342b4983db2b2409d83ed91e2bf378c970d5252e162.zip",
              "timestamp": "1654744141840706200",
              "was_missing": "false"
            },
            "working_dir": null
          },
          "sensitive_attributes": []
        }
      ]
    },
    {
      "module": "module.lambda.module.lambda_function_get_all_courses",
      "mode": "managed",
      "type": "aws_cloudwatch_log_group",
      "name": "lambda",
      "provider": "provider[\"registry.terraform.io/hashicorp/aws\"]",
      "instances": [
        {
          "index_key": 0,
          "schema_version": 0,
          "attributes": {
            "arn": "arn:aws:logs:eu-central-1:360428973419:log-group:/aws/lambda/lambda_get_all_courses",
            "id": "/aws/lambda/lambda_get_all_courses",
            "kms_key_id": "",
            "name": "/aws/lambda/lambda_get_all_courses",
            "name_prefix": null,
            "retention_in_days": 0,
            "tags": {
              "Name": "my-lambda1"
            },
            "tags_all": {
              "Name": "my-lambda1"
            }
          },
          "sensitive_attributes": [],
          "private": "bnVsbA=="
        }
      ]
    },
    {
      "module": "module.lambda.module.lambda_function_get_all_courses",
      "mode": "managed",
      "type": "aws_iam_policy",
      "name": "logs",
      "provider": "provider[\"registry.terraform.io/hashicorp/aws\"]",
      "instances": [
        {
          "index_key": 0,
          "schema_version": 0,
          "attributes": {
            "arn": "arn:aws:iam::360428973419:policy/lambda_get_all_courses-logs",
            "description": "",
            "id": "arn:aws:iam::360428973419:policy/lambda_get_all_courses-logs",
            "name": "lambda_get_all_courses-logs",
            "name_prefix": null,
            "path": "/",
            "policy": "{\"Statement\":[{\"Action\":[\"logs:PutLogEvents\",\"logs:CreateLogStream\",\"logs:CreateLogGroup\"],\"Effect\":\"Allow\",\"Resource\":[\"arn:aws:logs:eu-central-1:360428973419:log-group:/aws/lambda/lambda_get_all_courses:*:*\",\"arn:aws:logs:eu-central-1:360428973419:log-group:/aws/lambda/lambda_get_all_courses:*\"],\"Sid\":\"\"}],\"Version\":\"2012-10-17\"}",
            "policy_id": "ANPAVH2Z5VVV2PKEKSN7E",
            "tags": {
              "Name": "my-lambda1"
            },
            "tags_all": {
              "Name": "my-lambda1"
            }
          },
          "sensitive_attributes": [],
          "private": "bnVsbA==",
          "dependencies": [
            "module.lambda.module.lambda_function_get_all_courses.aws_cloudwatch_log_group.lambda",
            "module.lambda.module.lambda_function_get_all_courses.data.aws_arn.log_group_arn",
            "module.lambda.module.lambda_function_get_all_courses.data.aws_cloudwatch_log_group.lambda",
            "module.lambda.module.lambda_function_get_all_courses.data.aws_iam_policy_document.logs"
          ]
        }
      ]
    },
    {
      "module": "module.lambda.module.lambda_function_get_all_courses",
      "mode": "managed",
      "type": "aws_iam_role",
      "name": "lambda",
      "provider": "provider[\"registry.terraform.io/hashicorp/aws\"]",
      "instances": [
        {
          "index_key": 0,
          "schema_version": 0,
          "attributes": {
            "arn": "arn:aws:iam::360428973419:role/lambda_get_all_courses",
            "assume_role_policy": "{\"Version\":\"2012-10-17\",\"Statement\":[{\"Sid\":\"\",\"Effect\":\"Allow\",\"Principal\":{\"Service\":\"lambda.amazonaws.com\"},\"Action\":\"sts:AssumeRole\"}]}",
            "create_date": "2022-06-09T03:09:19Z",
            "description": "",
            "force_detach_policies": true,
            "id": "lambda_get_all_courses",
            "inline_policy": [
              {
                "name": "",
                "policy": ""
              }
            ],
            "managed_policy_arns": [
              "arn:aws:iam::360428973419:policy/courses-rights",
              "arn:aws:iam::360428973419:policy/lambda_get_all_courses-logs"
            ],
            "max_session_duration": 3600,
            "name": "lambda_get_all_courses",
            "name_prefix": "",
            "path": "/",
            "permissions_boundary": null,
            "tags": {
              "Name": "my-lambda1"
            },
            "tags_all": {
              "Name": "my-lambda1"
            },
            "unique_id": "AROAVH2Z5VVV3DJCODR55"
          },
          "sensitive_attributes": [],
          "private": "bnVsbA==",
          "dependencies": [
            "module.lambda.module.lambda_function_get_all_courses.data.aws_iam_policy_document.assume_role"
          ]
        }
      ]
    },
    {
      "module": "module.lambda.module.lambda_function_get_all_courses",
      "mode": "managed",
      "type": "aws_iam_role_policy_attachment",
      "name": "logs",
      "provider": "provider[\"registry.terraform.io/hashicorp/aws\"]",
      "instances": [
        {
          "index_key": 0,
          "schema_version": 0,
          "attributes": {
            "id": "lambda_get_all_courses-20220609030925271400000005",
            "policy_arn": "arn:aws:iam::360428973419:policy/lambda_get_all_courses-logs",
            "role": "lambda_get_all_courses"
          },
          "sensitive_attributes": [],
          "private": "bnVsbA==",
          "dependencies": [
            "module.lambda.module.lambda_function_get_all_courses.aws_cloudwatch_log_group.lambda",
            "module.lambda.module.lambda_function_get_all_courses.aws_iam_policy.logs",
            "module.lambda.module.lambda_function_get_all_courses.aws_iam_role.lambda",
            "module.lambda.module.lambda_function_get_all_courses.data.aws_arn.log_group_arn",
            "module.lambda.module.lambda_function_get_all_courses.data.aws_cloudwatch_log_group.lambda",
            "module.lambda.module.lambda_function_get_all_courses.data.aws_iam_policy_document.assume_role",
            "module.lambda.module.lambda_function_get_all_courses.data.aws_iam_policy_document.logs"
          ]
        }
      ]
    },
    {
      "module": "module.lambda.module.lambda_function_get_all_courses",
      "mode": "managed",
      "type": "aws_lambda_function",
      "name": "this",
      "provider": "provider[\"registry.terraform.io/hashicorp/aws\"]",
      "instances": [
        {
          "index_key": 0,
          "schema_version": 0,
          "attributes": {
            "architectures": [
              "x86_64"
            ],
            "arn": "arn:aws:lambda:eu-central-1:360428973419:function:lambda_get_all_courses",
            "code_signing_config_arn": "",
            "dead_letter_config": [],
            "description": "get_all_courses",
            "environment": [],
            "ephemeral_storage": [
              {
                "size": 512
              }
            ],
            "file_system_config": [],
            "filename": "builds/a80fdd6334a7f1d69f605342b4983db2b2409d83ed91e2bf378c970d5252e162.zip",
            "function_name": "lambda_get_all_courses",
            "handler": "index.handler",
            "id": "lambda_get_all_courses",
            "image_config": [],
            "image_uri": "",
            "invoke_arn": "arn:aws:apigateway:eu-central-1:lambda:path/2015-03-31/functions/arn:aws:lambda:eu-central-1:360428973419:function:lambda_get_all_courses/invocations",
            "kms_key_arn": "",
            "last_modified": "2022-06-10T00:57:41.000+0000",
            "layers": [],
            "memory_size": 128,
            "package_type": "Zip",
            "publish": false,
            "qualified_arn": "arn:aws:lambda:eu-central-1:360428973419:function:lambda_get_all_courses:$LATEST",
            "reserved_concurrent_executions": -1,
            "role": "arn:aws:iam::360428973419:role/lambda_get_all_courses",
            "runtime": "nodejs16.x",
            "s3_bucket": null,
            "s3_key": null,
            "s3_object_version": null,
            "signing_job_arn": "",
            "signing_profile_version_arn": "",
            "source_code_hash": "VmtZCW7kfeZxh+UXa2mWr6pIttImos8R1UPPc20CVC0=",
            "source_code_size": 349,
            "tags": {
              "Name": "my-lambda1"
            },
            "tags_all": {
              "Name": "my-lambda1"
            },
            "timeout": 3,
            "timeouts": null,
            "tracing_config": [
              {
                "mode": "PassThrough"
              }
            ],
            "version": "$LATEST",
            "vpc_config": []
          },
          "sensitive_attributes": [],
          "private": "eyJlMmJmYjczMC1lY2FhLTExZTYtOGY4OC0zNDM2M2JjN2M0YzAiOnsiY3JlYXRlIjo2MDAwMDAwMDAwMDB9fQ==",
          "dependencies": [
            "module.lambda.module.lambda_function_get_all_courses.aws_cloudwatch_log_group.lambda",
            "module.lambda.module.lambda_function_get_all_courses.aws_iam_role.lambda",
            "module.lambda.module.lambda_function_get_all_courses.aws_s3_object.lambda_package",
            "module.lambda.module.lambda_function_get_all_courses.data.external.archive_prepare",
            "module.lambda.module.lambda_function_get_all_courses.null_resource.archive"
          ]
        }
      ]
    },
    {
      "module": "module.lambda.module.lambda_function_get_all_courses",
      "mode": "managed",
      "type": "local_file",
      "name": "archive_plan",
      "provider": "provider[\"registry.terraform.io/hashicorp/local\"]",
      "instances": [
        {
          "index_key": 0,
          "schema_version": 0,
          "attributes": {
            "content": "{\"filename\": \"builds/a80fdd6334a7f1d69f605342b4983db2b2409d83ed91e2bf378c970d5252e162.zip\", \"runtime\": \"nodejs16.x\", \"artifacts_dir\": \"builds\", \"build_plan\": [[\"zip\", \"modules/lambda/lambda_source/get-all-courses/index.js\", null]]}",
            "content_base64": null,
            "directory_permission": "0755",
            "file_permission": "0644",
            "filename": "builds/a80fdd6334a7f1d69f605342b4983db2b2409d83ed91e2bf378c970d5252e162.plan.json",
            "id": "f58875abe24493d5d1f033d6de3c471b36267f87",
            "sensitive_content": null,
            "source": null
          },
          "sensitive_attributes": [],
          "private": "bnVsbA==",
          "dependencies": [
            "module.lambda.module.lambda_function_get_all_courses.data.external.archive_prepare"
          ]
        }
      ]
    },
    {
      "module": "module.lambda.module.lambda_function_get_all_courses",
      "mode": "managed",
      "type": "null_resource",
      "name": "archive",
      "provider": "provider[\"registry.terraform.io/hashicorp/null\"]",
      "instances": [
        {
          "index_key": 0,
          "schema_version": 0,
          "attributes": {
            "id": "3931642890571797883",
            "triggers": {
              "filename": "builds/a80fdd6334a7f1d69f605342b4983db2b2409d83ed91e2bf378c970d5252e162.zip",
              "timestamp": "1654744141840706200"
            }
          },
          "sensitive_attributes": [],
          "private": "bnVsbA==",
          "dependencies": [
            "module.lambda.module.lambda_function_get_all_courses.data.external.archive_prepare",
            "module.lambda.module.lambda_function_get_all_courses.local_file.archive_plan"
          ]
        }
      ]
    },
    {
      "module": "module.lambda.module.lambda_function_get_courses",
      "mode": "data",
      "type": "aws_iam_policy_document",
      "name": "assume_role",
      "provider": "provider[\"registry.terraform.io/hashicorp/aws\"]",
      "instances": [
        {
          "index_key": 0,
          "schema_version": 0,
          "attributes": {
            "id": "3693445097",
            "json": "{\n  \"Version\": \"2012-10-17\",\n  \"Statement\": [\n    {\n      \"Sid\": \"\",\n      \"Effect\": \"Allow\",\n      \"Action\": \"sts:AssumeRole\",\n      \"Principal\": {\n        \"Service\": \"lambda.amazonaws.com\"\n      }\n    }\n  ]\n}",
            "override_json": null,
            "override_policy_documents": null,
            "policy_id": null,
            "source_json": null,
            "source_policy_documents": null,
            "statement": [
              {
                "actions": [
                  "sts:AssumeRole"
                ],
                "condition": [],
                "effect": "Allow",
                "not_actions": [],
                "not_principals": [],
                "not_resources": [],
                "principals": [
                  {
                    "identifiers": [
                      "lambda.amazonaws.com"
                    ],
                    "type": "Service"
                  }
                ],
                "resources": [],
                "sid": ""
              }
            ],
            "version": "2012-10-17"
          },
          "sensitive_attributes": []
        }
      ]
    },
    {
      "module": "module.lambda.module.lambda_function_get_courses",
      "mode": "data",
      "type": "aws_iam_policy_document",
      "name": "logs",
      "provider": "provider[\"registry.terraform.io/hashicorp/aws\"]",
      "instances": [
        {
          "index_key": 0,
          "schema_version": 0,
          "attributes": {
            "id": "3936096918",
            "json": "{\n  \"Version\": \"2012-10-17\",\n  \"Statement\": [\n    {\n      \"Sid\": \"\",\n      \"Effect\": \"Allow\",\n      \"Action\": [\n        \"logs:PutLogEvents\",\n        \"logs:CreateLogStream\",\n        \"logs:CreateLogGroup\"\n      ],\n      \"Resource\": [\n        \"arn:aws:logs:eu-central-1:360428973419:log-group:/aws/lambda/lambda_get_courses:*:*\",\n        \"arn:aws:logs:eu-central-1:360428973419:log-group:/aws/lambda/lambda_get_courses:*\"\n      ]\n    }\n  ]\n}",
            "override_json": null,
            "override_policy_documents": null,
            "policy_id": null,
            "source_json": null,
            "source_policy_documents": null,
            "statement": [
              {
                "actions": [
                  "logs:CreateLogGroup",
                  "logs:CreateLogStream",
                  "logs:PutLogEvents"
                ],
                "condition": [],
                "effect": "Allow",
                "not_actions": [],
                "not_principals": [],
                "not_resources": [],
                "principals": [],
                "resources": [
                  "arn:aws:logs:eu-central-1:360428973419:log-group:/aws/lambda/lambda_get_courses:*",
                  "arn:aws:logs:eu-central-1:360428973419:log-group:/aws/lambda/lambda_get_courses:*:*"
                ],
                "sid": ""
              }
            ],
            "version": "2012-10-17"
          },
          "sensitive_attributes": []
        }
      ]
    },
    {
      "module": "module.lambda.module.lambda_function_get_courses",
      "mode": "data",
      "type": "aws_partition",
      "name": "current",
      "provider": "provider[\"registry.terraform.io/hashicorp/aws\"]",
      "instances": [
        {
          "schema_version": 0,
          "attributes": {
            "dns_suffix": "amazonaws.com",
            "id": "aws",
            "partition": "aws",
            "reverse_dns_prefix": "com.amazonaws"
          },
          "sensitive_attributes": []
        }
      ]
    },
    {
      "module": "module.lambda.module.lambda_function_get_courses",
      "mode": "data",
      "type": "external",
      "name": "archive_prepare",
      "provider": "provider[\"registry.terraform.io/hashicorp/external\"]",
      "instances": [
        {
          "index_key": 0,
          "schema_version": 0,
          "attributes": {
            "id": "-",
            "program": [
              "python3",
              ".terraform/modules/lambda.lambda_function_get_courses/package.py",
              "prepare"
            ],
            "query": {
              "artifacts_dir": "builds",
              "hash_extra": "",
              "hash_extra_paths": "[]",
              "paths": "{\"cwd\":\"/home/nikita/Cloud/terraform\",\"module\":\".terraform/modules/lambda.lambda_function_get_courses\",\"root\":\".\"}",
              "recreate_missing_package": "true",
              "runtime": "nodejs16.x",
              "source_path": "\"modules/lambda/lambda_source/get-courses/index.js\""
            },
            "result": {
              "build_plan": "{\"filename\": \"builds/ff83f23499848f6b141d7d335dfab1a3f58071e2439fc7e56d5ecc5a5f57b293.zip\", \"runtime\": \"nodejs16.x\", \"artifacts_dir\": \"builds\", \"build_plan\": [[\"zip\", \"modules/lambda/lambda_source/get-courses/index.js\", null]]}",
              "build_plan_filename": "builds/ff83f23499848f6b141d7d335dfab1a3f58071e2439fc7e56d5ecc5a5f57b293.plan.json",
              "filename": "builds/ff83f23499848f6b141d7d335dfab1a3f58071e2439fc7e56d5ecc5a5f57b293.zip",
              "timestamp": "1654811405819011000",
              "was_missing": "false"
            },
            "working_dir": null
          },
          "sensitive_attributes": []
        }
      ]
    },
    {
      "module": "module.lambda.module.lambda_function_get_courses",
      "mode": "managed",
      "type": "aws_cloudwatch_log_group",
      "name": "lambda",
      "provider": "provider[\"registry.terraform.io/hashicorp/aws\"]",
      "instances": [
        {
          "index_key": 0,
          "schema_version": 0,
          "attributes": {
            "arn": "arn:aws:logs:eu-central-1:360428973419:log-group:/aws/lambda/lambda_get_courses",
            "id": "/aws/lambda/lambda_get_courses",
            "kms_key_id": "",
            "name": "/aws/lambda/lambda_get_courses",
            "name_prefix": null,
            "retention_in_days": 0,
            "tags": {
              "Name": "my-lambda3"
            },
            "tags_all": {
              "Name": "my-lambda3"
            }
          },
          "sensitive_attributes": [],
          "private": "bnVsbA=="
        }
      ]
    },
    {
      "module": "module.lambda.module.lambda_function_get_courses",
      "mode": "managed",
      "type": "aws_iam_policy",
      "name": "logs",
      "provider": "provider[\"registry.terraform.io/hashicorp/aws\"]",
      "instances": [
        {
          "index_key": 0,
          "schema_version": 0,
          "attributes": {
            "arn": "arn:aws:iam::360428973419:policy/lambda_get_courses-logs",
            "description": "",
            "id": "arn:aws:iam::360428973419:policy/lambda_get_courses-logs",
            "name": "lambda_get_courses-logs",
            "name_prefix": null,
            "path": "/",
            "policy": "{\"Statement\":[{\"Action\":[\"logs:PutLogEvents\",\"logs:CreateLogStream\",\"logs:CreateLogGroup\"],\"Effect\":\"Allow\",\"Resource\":[\"arn:aws:logs:eu-central-1:360428973419:log-group:/aws/lambda/lambda_get_courses:*:*\",\"arn:aws:logs:eu-central-1:360428973419:log-group:/aws/lambda/lambda_get_courses:*\"],\"Sid\":\"\"}],\"Version\":\"2012-10-17\"}",
            "policy_id": "ANPAVH2Z5VVVWA6TJIT6Y",
            "tags": {
              "Name": "my-lambda3"
            },
            "tags_all": {
              "Name": "my-lambda3"
            }
          },
          "sensitive_attributes": [],
          "private": "bnVsbA==",
          "dependencies": [
            "module.lambda.module.lambda_function_get_courses.aws_cloudwatch_log_group.lambda",
            "module.lambda.module.lambda_function_get_courses.data.aws_arn.log_group_arn",
            "module.lambda.module.lambda_function_get_courses.data.aws_cloudwatch_log_group.lambda",
            "module.lambda.module.lambda_function_get_courses.data.aws_iam_policy_document.logs"
          ]
        }
      ]
    },
    {
      "module": "module.lambda.module.lambda_function_get_courses",
      "mode": "managed",
      "type": "aws_iam_role",
      "name": "lambda",
      "provider": "provider[\"registry.terraform.io/hashicorp/aws\"]",
      "instances": [
        {
          "index_key": 0,
          "schema_version": 0,
          "attributes": {
            "arn": "arn:aws:iam::360428973419:role/lambda_get_courses",
            "assume_role_policy": "{\"Version\":\"2012-10-17\",\"Statement\":[{\"Sid\":\"\",\"Effect\":\"Allow\",\"Principal\":{\"Service\":\"lambda.amazonaws.com\"},\"Action\":\"sts:AssumeRole\"}]}",
            "create_date": "2022-06-09T03:09:20Z",
            "description": "",
            "force_detach_policies": true,
            "id": "lambda_get_courses",
            "inline_policy": [
              {
                "name": "",
                "policy": ""
              }
            ],
            "managed_policy_arns": [
              "arn:aws:iam::360428973419:policy/courses-rights",
              "arn:aws:iam::360428973419:policy/lambda_get_courses-logs"
            ],
            "max_session_duration": 3600,
            "name": "lambda_get_courses",
            "name_prefix": "",
            "path": "/",
            "permissions_boundary": null,
            "tags": {
              "Name": "my-lambda3"
            },
            "tags_all": {
              "Name": "my-lambda3"
            },
            "unique_id": "AROAVH2Z5VVVSY7WIW5BX"
          },
          "sensitive_attributes": [],
          "private": "bnVsbA==",
          "dependencies": [
            "module.lambda.module.lambda_function_get_courses.data.aws_iam_policy_document.assume_role"
          ]
        }
      ]
    },
    {
      "module": "module.lambda.module.lambda_function_get_courses",
      "mode": "managed",
      "type": "aws_iam_role_policy_attachment",
      "name": "logs",
      "provider": "provider[\"registry.terraform.io/hashicorp/aws\"]",
      "instances": [
        {
          "index_key": 0,
          "schema_version": 0,
          "attributes": {
            "id": "lambda_get_courses-20220609030924957300000004",
            "policy_arn": "arn:aws:iam::360428973419:policy/lambda_get_courses-logs",
            "role": "lambda_get_courses"
          },
          "sensitive_attributes": [],
          "private": "bnVsbA==",
          "dependencies": [
            "module.lambda.module.lambda_function_get_courses.aws_cloudwatch_log_group.lambda",
            "module.lambda.module.lambda_function_get_courses.aws_iam_policy.logs",
            "module.lambda.module.lambda_function_get_courses.aws_iam_role.lambda",
            "module.lambda.module.lambda_function_get_courses.data.aws_arn.log_group_arn",
            "module.lambda.module.lambda_function_get_courses.data.aws_cloudwatch_log_group.lambda",
            "module.lambda.module.lambda_function_get_courses.data.aws_iam_policy_document.assume_role",
            "module.lambda.module.lambda_function_get_courses.data.aws_iam_policy_document.logs"
          ]
        }
      ]
    },
    {
      "module": "module.lambda.module.lambda_function_get_courses",
      "mode": "managed",
      "type": "aws_lambda_function",
      "name": "this",
      "provider": "provider[\"registry.terraform.io/hashicorp/aws\"]",
      "instances": [
        {
          "index_key": 0,
          "schema_version": 0,
          "attributes": {
            "architectures": [
              "x86_64"
            ],
            "arn": "arn:aws:lambda:eu-central-1:360428973419:function:lambda_get_courses",
            "code_signing_config_arn": "",
            "dead_letter_config": [],
            "description": "get_courses",
            "environment": [],
            "ephemeral_storage": [
              {
                "size": 512
              }
            ],
            "file_system_config": [],
            "filename": "builds/ff83f23499848f6b141d7d335dfab1a3f58071e2439fc7e56d5ecc5a5f57b293.zip",
            "function_name": "lambda_get_courses",
            "handler": "index.handler",
            "id": "lambda_get_courses",
            "image_config": [],
            "image_uri": "",
            "invoke_arn": "arn:aws:apigateway:eu-central-1:lambda:path/2015-03-31/functions/arn:aws:lambda:eu-central-1:360428973419:function:lambda_get_courses/invocations",
            "kms_key_arn": "",
            "last_modified": "2022-06-09T21:50:26.000+0000",
            "layers": [],
            "memory_size": 128,
            "package_type": "Zip",
            "publish": false,
            "qualified_arn": "arn:aws:lambda:eu-central-1:360428973419:function:lambda_get_courses:$LATEST",
            "reserved_concurrent_executions": -1,
            "role": "arn:aws:iam::360428973419:role/lambda_get_courses",
            "runtime": "nodejs16.x",
            "s3_bucket": null,
            "s3_key": null,
            "s3_object_version": null,
            "signing_job_arn": "",
            "signing_profile_version_arn": "",
            "source_code_hash": "oeI3xErXcHuinZChoYMv0o33BAAQP5caE5dMRf72lpY=",
            "source_code_size": 447,
            "tags": {
              "Name": "my-lambda3"
            },
            "tags_all": {
              "Name": "my-lambda3"
            },
            "timeout": 3,
            "timeouts": null,
            "tracing_config": [
              {
                "mode": "PassThrough"
              }
            ],
            "version": "$LATEST",
            "vpc_config": []
          },
          "sensitive_attributes": [],
          "private": "eyJlMmJmYjczMC1lY2FhLTExZTYtOGY4OC0zNDM2M2JjN2M0YzAiOnsiY3JlYXRlIjo2MDAwMDAwMDAwMDB9fQ==",
          "dependencies": [
            "module.lambda.module.lambda_function_get_courses.aws_cloudwatch_log_group.lambda",
            "module.lambda.module.lambda_function_get_courses.aws_iam_role.lambda",
            "module.lambda.module.lambda_function_get_courses.aws_s3_object.lambda_package",
            "module.lambda.module.lambda_function_get_courses.data.aws_iam_policy_document.assume_role",
            "module.lambda.module.lambda_function_get_courses.data.external.archive_prepare",
            "module.lambda.module.lambda_function_get_courses.local_file.archive_plan",
            "module.lambda.module.lambda_function_get_courses.null_resource.archive"
          ]
        }
      ]
    },
    {
      "module": "module.lambda.module.lambda_function_get_courses",
      "mode": "managed",
      "type": "local_file",
      "name": "archive_plan",
      "provider": "provider[\"registry.terraform.io/hashicorp/local\"]",
      "instances": [
        {
          "index_key": 0,
          "schema_version": 0,
          "attributes": {
            "content": "{\"filename\": \"builds/ff83f23499848f6b141d7d335dfab1a3f58071e2439fc7e56d5ecc5a5f57b293.zip\", \"runtime\": \"nodejs16.x\", \"artifacts_dir\": \"builds\", \"build_plan\": [[\"zip\", \"modules/lambda/lambda_source/get-courses/index.js\", null]]}",
            "content_base64": null,
            "directory_permission": "0755",
            "file_permission": "0644",
            "filename": "builds/ff83f23499848f6b141d7d335dfab1a3f58071e2439fc7e56d5ecc5a5f57b293.plan.json",
            "id": "70f4f014ffe8f6bb477303d4c74d2a617e400fdb",
            "sensitive_content": null,
            "source": null
          },
          "sensitive_attributes": [],
          "private": "bnVsbA==",
          "dependencies": [
            "module.lambda.module.lambda_function_get_courses.data.external.archive_prepare"
          ]
        }
      ]
    },
    {
      "module": "module.lambda.module.lambda_function_get_courses",
      "mode": "managed",
      "type": "null_resource",
      "name": "archive",
      "provider": "provider[\"registry.terraform.io/hashicorp/null\"]",
      "instances": [
        {
          "index_key": 0,
          "schema_version": 0,
          "attributes": {
            "id": "5999402549177995809",
            "triggers": {
              "filename": "builds/ff83f23499848f6b141d7d335dfab1a3f58071e2439fc7e56d5ecc5a5f57b293.zip",
              "timestamp": "1654811405819011000"
            }
          },
          "sensitive_attributes": [],
          "private": "bnVsbA==",
          "dependencies": [
            "module.lambda.module.lambda_function_get_courses.data.external.archive_prepare",
            "module.lambda.module.lambda_function_get_courses.local_file.archive_plan"
          ]
        }
      ]
    },
    {
      "module": "module.lambda.module.lambda_function_save_courses",
      "mode": "data",
      "type": "aws_iam_policy_document",
      "name": "assume_role",
      "provider": "provider[\"registry.terraform.io/hashicorp/aws\"]",
      "instances": [
        {
          "index_key": 0,
          "schema_version": 0,
          "attributes": {
            "id": "3693445097",
            "json": "{\n  \"Version\": \"2012-10-17\",\n  \"Statement\": [\n    {\n      \"Sid\": \"\",\n      \"Effect\": \"Allow\",\n      \"Action\": \"sts:AssumeRole\",\n      \"Principal\": {\n        \"Service\": \"lambda.amazonaws.com\"\n      }\n    }\n  ]\n}",
            "override_json": null,
            "override_policy_documents": null,
            "policy_id": null,
            "source_json": null,
            "source_policy_documents": null,
            "statement": [
              {
                "actions": [
                  "sts:AssumeRole"
                ],
                "condition": [],
                "effect": "Allow",
                "not_actions": [],
                "not_principals": [],
                "not_resources": [],
                "principals": [
                  {
                    "identifiers": [
                      "lambda.amazonaws.com"
                    ],
                    "type": "Service"
                  }
                ],
                "resources": [],
                "sid": ""
              }
            ],
            "version": "2012-10-17"
          },
          "sensitive_attributes": []
        }
      ]
    },
    {
      "module": "module.lambda.module.lambda_function_save_courses",
      "mode": "data",
      "type": "aws_iam_policy_document",
      "name": "logs",
      "provider": "provider[\"registry.terraform.io/hashicorp/aws\"]",
      "instances": [
        {
          "index_key": 0,
          "schema_version": 0,
          "attributes": {
            "id": "911907143",
            "json": "{\n  \"Version\": \"2012-10-17\",\n  \"Statement\": [\n    {\n      \"Sid\": \"\",\n      \"Effect\": \"Allow\",\n      \"Action\": [\n        \"logs:PutLogEvents\",\n        \"logs:CreateLogStream\",\n        \"logs:CreateLogGroup\"\n      ],\n      \"Resource\": [\n        \"arn:aws:logs:eu-central-1:360428973419:log-group:/aws/lambda/lambda_save_courses:*:*\",\n        \"arn:aws:logs:eu-central-1:360428973419:log-group:/aws/lambda/lambda_save_courses:*\"\n      ]\n    }\n  ]\n}",
            "override_json": null,
            "override_policy_documents": null,
            "policy_id": null,
            "source_json": null,
            "source_policy_documents": null,
            "statement": [
              {
                "actions": [
                  "logs:CreateLogGroup",
                  "logs:CreateLogStream",
                  "logs:PutLogEvents"
                ],
                "condition": [],
                "effect": "Allow",
                "not_actions": [],
                "not_principals": [],
                "not_resources": [],
                "principals": [],
                "resources": [
                  "arn:aws:logs:eu-central-1:360428973419:log-group:/aws/lambda/lambda_save_courses:*",
                  "arn:aws:logs:eu-central-1:360428973419:log-group:/aws/lambda/lambda_save_courses:*:*"
                ],
                "sid": ""
              }
            ],
            "version": "2012-10-17"
          },
          "sensitive_attributes": []
        }
      ]
    },
    {
      "module": "module.lambda.module.lambda_function_save_courses",
      "mode": "data",
      "type": "aws_partition",
      "name": "current",
      "provider": "provider[\"registry.terraform.io/hashicorp/aws\"]",
      "instances": [
        {
          "schema_version": 0,
          "attributes": {
            "dns_suffix": "amazonaws.com",
            "id": "aws",
            "partition": "aws",
            "reverse_dns_prefix": "com.amazonaws"
          },
          "sensitive_attributes": []
        }
      ]
    },
    {
      "module": "module.lambda.module.lambda_function_save_courses",
      "mode": "data",
      "type": "external",
      "name": "archive_prepare",
      "provider": "provider[\"registry.terraform.io/hashicorp/external\"]",
      "instances": [
        {
          "index_key": 0,
          "schema_version": 0,
          "attributes": {
            "id": "-",
            "program": [
              "python3",
              ".terraform/modules/lambda.lambda_function_save_courses/package.py",
              "prepare"
            ],
            "query": {
              "artifacts_dir": "builds",
              "hash_extra": "",
              "hash_extra_paths": "[]",
              "paths": "{\"cwd\":\"/home/nikita/Cloud/terraform\",\"module\":\".terraform/modules/lambda.lambda_function_save_courses\",\"root\":\".\"}",
              "recreate_missing_package": "true",
              "runtime": "nodejs16.x",
              "source_path": "\"modules/lambda/lambda_source/save-courses/index.js\""
            },
            "result": {
              "build_plan": "{\"filename\": \"builds/5f2d32a260ee13987e70679d19cdbf17c686e03eb7fa985f5db28c944108054b.zip\", \"runtime\": \"nodejs16.x\", \"artifacts_dir\": \"builds\", \"build_plan\": [[\"zip\", \"modules/lambda/lambda_source/save-courses/index.js\", null]]}",
              "build_plan_filename": "builds/5f2d32a260ee13987e70679d19cdbf17c686e03eb7fa985f5db28c944108054b.plan.json",
              "filename": "builds/5f2d32a260ee13987e70679d19cdbf17c686e03eb7fa985f5db28c944108054b.zip",
              "timestamp": "1654811405800047000",
              "was_missing": "false"
            },
            "working_dir": null
          },
          "sensitive_attributes": []
        }
      ]
    },
    {
      "module": "module.lambda.module.lambda_function_save_courses",
      "mode": "managed",
      "type": "aws_cloudwatch_log_group",
      "name": "lambda",
      "provider": "provider[\"registry.terraform.io/hashicorp/aws\"]",
      "instances": [
        {
          "index_key": 0,
          "schema_version": 0,
          "attributes": {
            "arn": "arn:aws:logs:eu-central-1:360428973419:log-group:/aws/lambda/lambda_save_courses",
            "id": "/aws/lambda/lambda_save_courses",
            "kms_key_id": "",
            "name": "/aws/lambda/lambda_save_courses",
            "name_prefix": null,
            "retention_in_days": 0,
            "tags": {
              "Name": "my-lambda4"
            },
            "tags_all": {
              "Name": "my-lambda4"
            }
          },
          "sensitive_attributes": [],
          "private": "bnVsbA=="
        }
      ]
    },
    {
      "module": "module.lambda.module.lambda_function_save_courses",
      "mode": "managed",
      "type": "aws_iam_policy",
      "name": "logs",
      "provider": "provider[\"registry.terraform.io/hashicorp/aws\"]",
      "instances": [
        {
          "index_key": 0,
          "schema_version": 0,
          "attributes": {
            "arn": "arn:aws:iam::360428973419:policy/lambda_save_courses-logs",
            "description": "",
            "id": "arn:aws:iam::360428973419:policy/lambda_save_courses-logs",
            "name": "lambda_save_courses-logs",
            "name_prefix": null,
            "path": "/",
            "policy": "{\"Statement\":[{\"Action\":[\"logs:PutLogEvents\",\"logs:CreateLogStream\",\"logs:CreateLogGroup\"],\"Effect\":\"Allow\",\"Resource\":[\"arn:aws:logs:eu-central-1:360428973419:log-group:/aws/lambda/lambda_save_courses:*:*\",\"arn:aws:logs:eu-central-1:360428973419:log-group:/aws/lambda/lambda_save_courses:*\"],\"Sid\":\"\"}],\"Version\":\"2012-10-17\"}",
            "policy_id": "ANPAVH2Z5VVVVWLY7KY5C",
            "tags": {
              "Name": "my-lambda4"
            },
            "tags_all": {
              "Name": "my-lambda4"
            }
          },
          "sensitive_attributes": [],
          "private": "bnVsbA==",
          "dependencies": [
            "module.lambda.module.lambda_function_save_courses.aws_cloudwatch_log_group.lambda",
            "module.lambda.module.lambda_function_save_courses.data.aws_arn.log_group_arn",
            "module.lambda.module.lambda_function_save_courses.data.aws_cloudwatch_log_group.lambda",
            "module.lambda.module.lambda_function_save_courses.data.aws_iam_policy_document.logs"
          ]
        }
      ]
    },
    {
      "module": "module.lambda.module.lambda_function_save_courses",
      "mode": "managed",
      "type": "aws_iam_role",
      "name": "lambda",
      "provider": "provider[\"registry.terraform.io/hashicorp/aws\"]",
      "instances": [
        {
          "index_key": 0,
          "schema_version": 0,
          "attributes": {
            "arn": "arn:aws:iam::360428973419:role/lambda_save_courses",
            "assume_role_policy": "{\"Version\":\"2012-10-17\",\"Statement\":[{\"Sid\":\"\",\"Effect\":\"Allow\",\"Principal\":{\"Service\":\"lambda.amazonaws.com\"},\"Action\":\"sts:AssumeRole\"}]}",
            "create_date": "2022-06-09T03:09:20Z",
            "description": "",
            "force_detach_policies": true,
            "id": "lambda_save_courses",
            "inline_policy": [
              {
                "name": "",
                "policy": ""
              }
            ],
            "managed_policy_arns": [
              "arn:aws:iam::360428973419:policy/courses-rights",
              "arn:aws:iam::360428973419:policy/lambda_save_courses-logs"
            ],
            "max_session_duration": 3600,
            "name": "lambda_save_courses",
            "name_prefix": "",
            "path": "/",
            "permissions_boundary": null,
            "tags": {
              "Name": "my-lambda4"
            },
            "tags_all": {
              "Name": "my-lambda4"
            },
            "unique_id": "AROAVH2Z5VVVZHRHP3CRC"
          },
          "sensitive_attributes": [],
          "private": "bnVsbA==",
          "dependencies": [
            "module.lambda.module.lambda_function_save_courses.data.aws_iam_policy_document.assume_role"
          ]
        }
      ]
    },
    {
      "module": "module.lambda.module.lambda_function_save_courses",
      "mode": "managed",
      "type": "aws_iam_role_policy_attachment",
      "name": "logs",
      "provider": "provider[\"registry.terraform.io/hashicorp/aws\"]",
      "instances": [
        {
          "index_key": 0,
          "schema_version": 0,
          "attributes": {
            "id": "lambda_save_courses-20220609030924633400000001",
            "policy_arn": "arn:aws:iam::360428973419:policy/lambda_save_courses-logs",
            "role": "lambda_save_courses"
          },
          "sensitive_attributes": [],
          "private": "bnVsbA==",
          "dependencies": [
            "module.lambda.module.lambda_function_save_courses.aws_cloudwatch_log_group.lambda",
            "module.lambda.module.lambda_function_save_courses.aws_iam_policy.logs",
            "module.lambda.module.lambda_function_save_courses.aws_iam_role.lambda",
            "module.lambda.module.lambda_function_save_courses.data.aws_arn.log_group_arn",
            "module.lambda.module.lambda_function_save_courses.data.aws_cloudwatch_log_group.lambda",
            "module.lambda.module.lambda_function_save_courses.data.aws_iam_policy_document.assume_role",
            "module.lambda.module.lambda_function_save_courses.data.aws_iam_policy_document.logs"
          ]
        }
      ]
    },
    {
      "module": "module.lambda.module.lambda_function_save_courses",
      "mode": "managed",
      "type": "aws_lambda_function",
      "name": "this",
      "provider": "provider[\"registry.terraform.io/hashicorp/aws\"]",
      "instances": [
        {
          "index_key": 0,
          "schema_version": 0,
          "attributes": {
            "architectures": [
              "x86_64"
            ],
            "arn": "arn:aws:lambda:eu-central-1:360428973419:function:lambda_save_courses",
            "code_signing_config_arn": "",
            "dead_letter_config": [],
            "description": "save_courses",
            "environment": [],
            "ephemeral_storage": [
              {
                "size": 512
              }
            ],
            "file_system_config": [],
            "filename": "builds/5f2d32a260ee13987e70679d19cdbf17c686e03eb7fa985f5db28c944108054b.zip",
            "function_name": "lambda_save_courses",
            "handler": "index.handler",
            "id": "lambda_save_courses",
            "image_config": [],
            "image_uri": "",
            "invoke_arn": "arn:aws:apigateway:eu-central-1:lambda:path/2015-03-31/functions/arn:aws:lambda:eu-central-1:360428973419:function:lambda_save_courses/invocations",
            "kms_key_arn": "",
            "last_modified": "2022-06-09T21:50:31.000+0000",
            "layers": [],
            "memory_size": 128,
            "package_type": "Zip",
            "publish": false,
            "qualified_arn": "arn:aws:lambda:eu-central-1:360428973419:function:lambda_save_courses:$LATEST",
            "reserved_concurrent_executions": -1,
            "role": "arn:aws:iam::360428973419:role/lambda_save_courses",
            "runtime": "nodejs16.x",
            "s3_bucket": null,
            "s3_key": null,
            "s3_object_version": null,
            "signing_job_arn": "",
            "signing_profile_version_arn": "",
            "source_code_hash": "D868TiaW4ljidcRBV3q3hWyghUYx5OpYU2naZcmqyVw=",
            "source_code_size": 596,
            "tags": {
              "Name": "my-lambda4"
            },
            "tags_all": {
              "Name": "my-lambda4"
            },
            "timeout": 3,
            "timeouts": null,
            "tracing_config": [
              {
                "mode": "PassThrough"
              }
            ],
            "version": "$LATEST",
            "vpc_config": []
          },
          "sensitive_attributes": [],
          "private": "eyJlMmJmYjczMC1lY2FhLTExZTYtOGY4OC0zNDM2M2JjN2M0YzAiOnsiY3JlYXRlIjo2MDAwMDAwMDAwMDB9fQ==",
          "dependencies": [
            "module.lambda.module.lambda_function_save_courses.aws_cloudwatch_log_group.lambda",
            "module.lambda.module.lambda_function_save_courses.aws_iam_role.lambda",
            "module.lambda.module.lambda_function_save_courses.aws_s3_object.lambda_package",
            "module.lambda.module.lambda_function_save_courses.data.aws_iam_policy_document.assume_role",
            "module.lambda.module.lambda_function_save_courses.data.external.archive_prepare",
            "module.lambda.module.lambda_function_save_courses.local_file.archive_plan",
            "module.lambda.module.lambda_function_save_courses.null_resource.archive"
          ]
        }
      ]
    },
    {
      "module": "module.lambda.module.lambda_function_save_courses",
      "mode": "managed",
      "type": "local_file",
      "name": "archive_plan",
      "provider": "provider[\"registry.terraform.io/hashicorp/local\"]",
      "instances": [
        {
          "index_key": 0,
          "schema_version": 0,
          "attributes": {
            "content": "{\"filename\": \"builds/5f2d32a260ee13987e70679d19cdbf17c686e03eb7fa985f5db28c944108054b.zip\", \"runtime\": \"nodejs16.x\", \"artifacts_dir\": \"builds\", \"build_plan\": [[\"zip\", \"modules/lambda/lambda_source/save-courses/index.js\", null]]}",
            "content_base64": null,
            "directory_permission": "0755",
            "file_permission": "0644",
            "filename": "builds/5f2d32a260ee13987e70679d19cdbf17c686e03eb7fa985f5db28c944108054b.plan.json",
            "id": "e87139ceea7185880cca71ef93919de305637b3e",
            "sensitive_content": null,
            "source": null
          },
          "sensitive_attributes": [],
          "private": "bnVsbA==",
          "dependencies": [
            "module.lambda.module.lambda_function_save_courses.data.external.archive_prepare"
          ]
        }
      ]
    },
    {
      "module": "module.lambda.module.lambda_function_save_courses",
      "mode": "managed",
      "type": "null_resource",
      "name": "archive",
      "provider": "provider[\"registry.terraform.io/hashicorp/null\"]",
      "instances": [
        {
          "index_key": 0,
          "schema_version": 0,
          "attributes": {
            "id": "3887582724657854712",
            "triggers": {
              "filename": "builds/5f2d32a260ee13987e70679d19cdbf17c686e03eb7fa985f5db28c944108054b.zip",
              "timestamp": "1654811405800047000"
            }
          },
          "sensitive_attributes": [],
          "private": "bnVsbA==",
          "dependencies": [
            "module.lambda.module.lambda_function_save_courses.data.external.archive_prepare",
            "module.lambda.module.lambda_function_save_courses.local_file.archive_plan"
          ]
        }
      ]
    },
    {
      "module": "module.lambda.module.lambda_function_update_courses",
      "mode": "data",
      "type": "aws_iam_policy_document",
      "name": "assume_role",
      "provider": "provider[\"registry.terraform.io/hashicorp/aws\"]",
      "instances": [
        {
          "index_key": 0,
          "schema_version": 0,
          "attributes": {
            "id": "3693445097",
            "json": "{\n  \"Version\": \"2012-10-17\",\n  \"Statement\": [\n    {\n      \"Sid\": \"\",\n      \"Effect\": \"Allow\",\n      \"Action\": \"sts:AssumeRole\",\n      \"Principal\": {\n        \"Service\": \"lambda.amazonaws.com\"\n      }\n    }\n  ]\n}",
            "override_json": null,
            "override_policy_documents": null,
            "policy_id": null,
            "source_json": null,
            "source_policy_documents": null,
            "statement": [
              {
                "actions": [
                  "sts:AssumeRole"
                ],
                "condition": [],
                "effect": "Allow",
                "not_actions": [],
                "not_principals": [],
                "not_resources": [],
                "principals": [
                  {
                    "identifiers": [
                      "lambda.amazonaws.com"
                    ],
                    "type": "Service"
                  }
                ],
                "resources": [],
                "sid": ""
              }
            ],
            "version": "2012-10-17"
          },
          "sensitive_attributes": []
        }
      ]
    },
    {
      "module": "module.lambda.module.lambda_function_update_courses",
      "mode": "data",
      "type": "aws_iam_policy_document",
      "name": "logs",
      "provider": "provider[\"registry.terraform.io/hashicorp/aws\"]",
      "instances": [
        {
          "index_key": 0,
          "schema_version": 0,
          "attributes": {
            "id": "4227241664",
            "json": "{\n  \"Version\": \"2012-10-17\",\n  \"Statement\": [\n    {\n      \"Sid\": \"\",\n      \"Effect\": \"Allow\",\n      \"Action\": [\n        \"logs:PutLogEvents\",\n        \"logs:CreateLogStream\",\n        \"logs:CreateLogGroup\"\n      ],\n      \"Resource\": [\n        \"arn:aws:logs:eu-central-1:360428973419:log-group:/aws/lambda/lambda_update_courses:*:*\",\n        \"arn:aws:logs:eu-central-1:360428973419:log-group:/aws/lambda/lambda_update_courses:*\"\n      ]\n    }\n  ]\n}",
            "override_json": null,
            "override_policy_documents": null,
            "policy_id": null,
            "source_json": null,
            "source_policy_documents": null,
            "statement": [
              {
                "actions": [
                  "logs:CreateLogGroup",
                  "logs:CreateLogStream",
                  "logs:PutLogEvents"
                ],
                "condition": [],
                "effect": "Allow",
                "not_actions": [],
                "not_principals": [],
                "not_resources": [],
                "principals": [],
                "resources": [
                  "arn:aws:logs:eu-central-1:360428973419:log-group:/aws/lambda/lambda_update_courses:*",
                  "arn:aws:logs:eu-central-1:360428973419:log-group:/aws/lambda/lambda_update_courses:*:*"
                ],
                "sid": ""
              }
            ],
            "version": "2012-10-17"
          },
          "sensitive_attributes": []
        }
      ]
    },
    {
      "module": "module.lambda.module.lambda_function_update_courses",
      "mode": "data",
      "type": "aws_partition",
      "name": "current",
      "provider": "provider[\"registry.terraform.io/hashicorp/aws\"]",
      "instances": [
        {
          "schema_version": 0,
          "attributes": {
            "dns_suffix": "amazonaws.com",
            "id": "aws",
            "partition": "aws",
            "reverse_dns_prefix": "com.amazonaws"
          },
          "sensitive_attributes": []
        }
      ]
    },
    {
      "module": "module.lambda.module.lambda_function_update_courses",
      "mode": "data",
      "type": "external",
      "name": "archive_prepare",
      "provider": "provider[\"registry.terraform.io/hashicorp/external\"]",
      "instances": [
        {
          "index_key": 0,
          "schema_version": 0,
          "attributes": {
            "id": "-",
            "program": [
              "python3",
              ".terraform/modules/lambda.lambda_function_update_courses/package.py",
              "prepare"
            ],
            "query": {
              "artifacts_dir": "builds",
              "hash_extra": "",
              "hash_extra_paths": "[]",
              "paths": "{\"cwd\":\"/home/nikita/Cloud/terraform\",\"module\":\".terraform/modules/lambda.lambda_function_update_courses\",\"root\":\".\"}",
              "recreate_missing_package": "true",
              "runtime": "nodejs16.x",
              "source_path": "\"modules/lambda/lambda_source/update-courses/index.js\""
            },
            "result": {
              "build_plan": "{\"filename\": \"builds/016566d58a13a4a0398381f71a47acda51e255205b1030684151c33ee896bbb6.zip\", \"runtime\": \"nodejs16.x\", \"artifacts_dir\": \"builds\", \"build_plan\": [[\"zip\", \"modules/lambda/lambda_source/update-courses/index.js\", null]]}",
              "build_plan_filename": "builds/016566d58a13a4a0398381f71a47acda51e255205b1030684151c33ee896bbb6.plan.json",
              "filename": "builds/016566d58a13a4a0398381f71a47acda51e255205b1030684151c33ee896bbb6.zip",
              "timestamp": "1654811405806103000",
              "was_missing": "false"
            },
            "working_dir": null
          },
          "sensitive_attributes": []
        }
      ]
    },
    {
      "module": "module.lambda.module.lambda_function_update_courses",
      "mode": "managed",
      "type": "aws_cloudwatch_log_group",
      "name": "lambda",
      "provider": "provider[\"registry.terraform.io/hashicorp/aws\"]",
      "instances": [
        {
          "index_key": 0,
          "schema_version": 0,
          "attributes": {
            "arn": "arn:aws:logs:eu-central-1:360428973419:log-group:/aws/lambda/lambda_update_courses",
            "id": "/aws/lambda/lambda_update_courses",
            "kms_key_id": "",
            "name": "/aws/lambda/lambda_update_courses",
            "name_prefix": null,
            "retention_in_days": 0,
            "tags": {
              "Name": "my-lambda6"
            },
            "tags_all": {
              "Name": "my-lambda6"
            }
          },
          "sensitive_attributes": [],
          "private": "bnVsbA=="
        }
      ]
    },
    {
      "module": "module.lambda.module.lambda_function_update_courses",
      "mode": "managed",
      "type": "aws_iam_policy",
      "name": "logs",
      "provider": "provider[\"registry.terraform.io/hashicorp/aws\"]",
      "instances": [
        {
          "index_key": 0,
          "schema_version": 0,
          "attributes": {
            "arn": "arn:aws:iam::360428973419:policy/lambda_update_courses-logs",
            "description": "",
            "id": "arn:aws:iam::360428973419:policy/lambda_update_courses-logs",
            "name": "lambda_update_courses-logs",
            "name_prefix": null,
            "path": "/",
            "policy": "{\"Statement\":[{\"Action\":[\"logs:PutLogEvents\",\"logs:CreateLogStream\",\"logs:CreateLogGroup\"],\"Effect\":\"Allow\",\"Resource\":[\"arn:aws:logs:eu-central-1:360428973419:log-group:/aws/lambda/lambda_update_courses:*:*\",\"arn:aws:logs:eu-central-1:360428973419:log-group:/aws/lambda/lambda_update_courses:*\"],\"Sid\":\"\"}],\"Version\":\"2012-10-17\"}",
            "policy_id": "ANPAVH2Z5VVVW64FG7X32",
            "tags": {
              "Name": "my-lambda6"
            },
            "tags_all": {
              "Name": "my-lambda6"
            }
          },
          "sensitive_attributes": [],
          "private": "bnVsbA==",
          "dependencies": [
            "module.lambda.module.lambda_function_update_courses.aws_cloudwatch_log_group.lambda",
            "module.lambda.module.lambda_function_update_courses.data.aws_arn.log_group_arn",
            "module.lambda.module.lambda_function_update_courses.data.aws_cloudwatch_log_group.lambda",
            "module.lambda.module.lambda_function_update_courses.data.aws_iam_policy_document.logs"
          ]
        }
      ]
    },
    {
      "module": "module.lambda.module.lambda_function_update_courses",
      "mode": "managed",
      "type": "aws_iam_role",
      "name": "lambda",
      "provider": "provider[\"registry.terraform.io/hashicorp/aws\"]",
      "instances": [
        {
          "index_key": 0,
          "schema_version": 0,
          "attributes": {
            "arn": "arn:aws:iam::360428973419:role/lambda_update_courses",
            "assume_role_policy": "{\"Version\":\"2012-10-17\",\"Statement\":[{\"Sid\":\"\",\"Effect\":\"Allow\",\"Principal\":{\"Service\":\"lambda.amazonaws.com\"},\"Action\":\"sts:AssumeRole\"}]}",
            "create_date": "2022-06-09T03:09:19Z",
            "description": "",
            "force_detach_policies": true,
            "id": "lambda_update_courses",
            "inline_policy": [
              {
                "name": "",
                "policy": ""
              }
            ],
            "managed_policy_arns": [
              "arn:aws:iam::360428973419:policy/courses-rights",
              "arn:aws:iam::360428973419:policy/lambda_update_courses-logs"
            ],
            "max_session_duration": 3600,
            "name": "lambda_update_courses",
            "name_prefix": "",
            "path": "/",
            "permissions_boundary": null,
            "tags": {
              "Name": "my-lambda6"
            },
            "tags_all": {
              "Name": "my-lambda6"
            },
            "unique_id": "AROAVH2Z5VVVZYFPOFGHZ"
          },
          "sensitive_attributes": [],
          "private": "bnVsbA==",
          "dependencies": [
            "module.lambda.module.lambda_function_update_courses.data.aws_iam_policy_document.assume_role"
          ]
        }
      ]
    },
    {
      "module": "module.lambda.module.lambda_function_update_courses",
      "mode": "managed",
      "type": "aws_iam_role_policy_attachment",
      "name": "logs",
      "provider": "provider[\"registry.terraform.io/hashicorp/aws\"]",
      "instances": [
        {
          "index_key": 0,
          "schema_version": 0,
          "attributes": {
            "id": "lambda_update_courses-20220609030924950200000003",
            "policy_arn": "arn:aws:iam::360428973419:policy/lambda_update_courses-logs",
            "role": "lambda_update_courses"
          },
          "sensitive_attributes": [],
          "private": "bnVsbA==",
          "dependencies": [
            "module.lambda.module.lambda_function_update_courses.aws_cloudwatch_log_group.lambda",
            "module.lambda.module.lambda_function_update_courses.aws_iam_policy.logs",
            "module.lambda.module.lambda_function_update_courses.aws_iam_role.lambda",
            "module.lambda.module.lambda_function_update_courses.data.aws_arn.log_group_arn",
            "module.lambda.module.lambda_function_update_courses.data.aws_cloudwatch_log_group.lambda",
            "module.lambda.module.lambda_function_update_courses.data.aws_iam_policy_document.assume_role",
            "module.lambda.module.lambda_function_update_courses.data.aws_iam_policy_document.logs"
          ]
        }
      ]
    },
    {
      "module": "module.lambda.module.lambda_function_update_courses",
      "mode": "managed",
      "type": "aws_lambda_function",
      "name": "this",
      "provider": "provider[\"registry.terraform.io/hashicorp/aws\"]",
      "instances": [
        {
          "index_key": 0,
          "schema_version": 0,
          "attributes": {
            "architectures": [
              "x86_64"
            ],
            "arn": "arn:aws:lambda:eu-central-1:360428973419:function:lambda_update_courses",
            "code_signing_config_arn": "",
            "dead_letter_config": [],
            "description": "update_courses",
            "environment": [],
            "ephemeral_storage": [
              {
                "size": 512
              }
            ],
            "file_system_config": [],
            "filename": "builds/016566d58a13a4a0398381f71a47acda51e255205b1030684151c33ee896bbb6.zip",
            "function_name": "lambda_update_courses",
            "handler": "index.handler",
            "id": "lambda_update_courses",
            "image_config": [],
            "image_uri": "",
            "invoke_arn": "arn:aws:apigateway:eu-central-1:lambda:path/2015-03-31/functions/arn:aws:lambda:eu-central-1:360428973419:function:lambda_update_courses/invocations",
            "kms_key_arn": "",
            "last_modified": "2022-06-09T21:50:21.000+0000",
            "layers": [],
            "memory_size": 128,
            "package_type": "Zip",
            "publish": false,
            "qualified_arn": "arn:aws:lambda:eu-central-1:360428973419:function:lambda_update_courses:$LATEST",
            "reserved_concurrent_executions": -1,
            "role": "arn:aws:iam::360428973419:role/lambda_update_courses",
            "runtime": "nodejs16.x",
            "s3_bucket": null,
            "s3_key": null,
            "s3_object_version": null,
            "signing_job_arn": "",
            "signing_profile_version_arn": "",
            "source_code_hash": "HvlDrUzyYrToPqpRIcTXwnFkQFK+DY435WbatfU+K/k=",
            "source_code_size": 488,
            "tags": {
              "Name": "my-lambda6"
            },
            "tags_all": {
              "Name": "my-lambda6"
            },
            "timeout": 3,
            "timeouts": null,
            "tracing_config": [
              {
                "mode": "PassThrough"
              }
            ],
            "version": "$LATEST",
            "vpc_config": []
          },
          "sensitive_attributes": [],
          "private": "eyJlMmJmYjczMC1lY2FhLTExZTYtOGY4OC0zNDM2M2JjN2M0YzAiOnsiY3JlYXRlIjo2MDAwMDAwMDAwMDB9fQ==",
          "dependencies": [
            "module.lambda.module.lambda_function_update_courses.aws_cloudwatch_log_group.lambda",
            "module.lambda.module.lambda_function_update_courses.aws_iam_role.lambda",
            "module.lambda.module.lambda_function_update_courses.aws_s3_object.lambda_package",
            "module.lambda.module.lambda_function_update_courses.data.aws_iam_policy_document.assume_role",
            "module.lambda.module.lambda_function_update_courses.data.external.archive_prepare",
            "module.lambda.module.lambda_function_update_courses.local_file.archive_plan",
            "module.lambda.module.lambda_function_update_courses.null_resource.archive"
          ]
        }
      ]
    },
    {
      "module": "module.lambda.module.lambda_function_update_courses",
      "mode": "managed",
      "type": "local_file",
      "name": "archive_plan",
      "provider": "provider[\"registry.terraform.io/hashicorp/local\"]",
      "instances": [
        {
          "index_key": 0,
          "schema_version": 0,
          "attributes": {
            "content": "{\"filename\": \"builds/016566d58a13a4a0398381f71a47acda51e255205b1030684151c33ee896bbb6.zip\", \"runtime\": \"nodejs16.x\", \"artifacts_dir\": \"builds\", \"build_plan\": [[\"zip\", \"modules/lambda/lambda_source/update-courses/index.js\", null]]}",
            "content_base64": null,
            "directory_permission": "0755",
            "file_permission": "0644",
            "filename": "builds/016566d58a13a4a0398381f71a47acda51e255205b1030684151c33ee896bbb6.plan.json",
            "id": "1f1f69bd52487519c890495d9bd4bfc90bee4ffc",
            "sensitive_content": null,
            "source": null
          },
          "sensitive_attributes": [],
          "private": "bnVsbA==",
          "dependencies": [
            "module.lambda.module.lambda_function_update_courses.data.external.archive_prepare"
          ]
        }
      ]
    },
    {
      "module": "module.lambda.module.lambda_function_update_courses",
      "mode": "managed",
      "type": "null_resource",
      "name": "archive",
      "provider": "provider[\"registry.terraform.io/hashicorp/null\"]",
      "instances": [
        {
          "index_key": 0,
          "schema_version": 0,
          "attributes": {
            "id": "6372480178611129369",
            "triggers": {
              "filename": "builds/016566d58a13a4a0398381f71a47acda51e255205b1030684151c33ee896bbb6.zip",
              "timestamp": "1654811405806103000"
            }
          },
          "sensitive_attributes": [],
          "private": "bnVsbA==",
          "dependencies": [
            "module.lambda.module.lambda_function_update_courses.data.external.archive_prepare",
            "module.lambda.module.lambda_function_update_courses.local_file.archive_plan"
          ]
        }
      ]
    },
    {
      "module": "module.notify_slack",
      "mode": "data",
      "type": "aws_caller_identity",
      "name": "current",
      "provider": "provider[\"registry.terraform.io/hashicorp/aws\"]",
      "instances": [
        {
          "schema_version": 0,
          "attributes": {
            "account_id": "360428973419",
            "arn": "arn:aws:iam::360428973419:user/datsko_terraform",
            "id": "360428973419",
            "user_id": "AIDAVH2Z5VVVUZ4SOYWPQ"
          },
          "sensitive_attributes": []
        }
      ]
    },
    {
      "module": "module.notify_slack",
      "mode": "data",
      "type": "aws_iam_policy_document",
      "name": "lambda",
      "provider": "provider[\"registry.terraform.io/hashicorp/aws\"]",
      "instances": [
        {
          "index_key": 0,
          "schema_version": 0,
          "attributes": {
            "id": "2372142187",
            "json": "{\n  \"Version\": \"2012-10-17\",\n  \"Statement\": [\n    {\n      \"Sid\": \"AllowWriteToCloudwatchLogs\",\n      \"Effect\": \"Allow\",\n      \"Action\": [\n        \"logs:PutLogEvents\",\n        \"logs:CreateLogStream\"\n      ],\n      \"Resource\": \"arn:aws:logs:eu-central-1:360428973419:log-group:/aws/lambda/notify_slack:*\"\n    }\n  ]\n}",
            "override_json": null,
            "override_policy_documents": null,
            "policy_id": null,
            "source_json": null,
            "source_policy_documents": null,
            "statement": [
              {
                "actions": [
                  "logs:CreateLogStream",
                  "logs:PutLogEvents"
                ],
                "condition": [],
                "effect": "Allow",
                "not_actions": [],
                "not_principals": [],
                "not_resources": [],
                "principals": [],
                "resources": [
                  "arn:aws:logs:eu-central-1:360428973419:log-group:/aws/lambda/notify_slack:*"
                ],
                "sid": "AllowWriteToCloudwatchLogs"
              }
            ],
            "version": "2012-10-17"
          },
          "sensitive_attributes": []
        }
      ]
    },
    {
      "module": "module.notify_slack",
      "mode": "data",
      "type": "aws_partition",
      "name": "current",
      "provider": "provider[\"registry.terraform.io/hashicorp/aws\"]",
      "instances": [
        {
          "schema_version": 0,
          "attributes": {
            "dns_suffix": "amazonaws.com",
            "id": "aws",
            "partition": "aws",
            "reverse_dns_prefix": "com.amazonaws"
          },
          "sensitive_attributes": []
        }
      ]
    },
    {
      "module": "module.notify_slack",
      "mode": "data",
      "type": "aws_region",
      "name": "current",
      "provider": "provider[\"registry.terraform.io/hashicorp/aws\"]",
      "instances": [
        {
          "schema_version": 0,
          "attributes": {
            "description": "Europe (Frankfurt)",
            "endpoint": "ec2.eu-central-1.amazonaws.com",
            "id": "eu-central-1",
            "name": "eu-central-1"
          },
          "sensitive_attributes": []
        }
      ]
    },
    {
      "module": "module.notify_slack",
      "mode": "managed",
      "type": "aws_cloudwatch_log_group",
      "name": "lambda",
      "provider": "provider[\"registry.terraform.io/hashicorp/aws\"]",
      "instances": [
        {
          "index_key": 0,
          "schema_version": 0,
          "attributes": {
            "arn": "arn:aws:logs:eu-central-1:360428973419:log-group:/aws/lambda/notify_slack",
            "id": "/aws/lambda/notify_slack",
            "kms_key_id": "",
            "name": "/aws/lambda/notify_slack",
            "name_prefix": null,
            "retention_in_days": 0,
            "tags": {},
            "tags_all": {}
          },
          "sensitive_attributes": [],
          "private": "bnVsbA=="
        }
      ]
    },
    {
      "module": "module.notify_slack",
      "mode": "managed",
      "type": "aws_sns_topic",
      "name": "this",
      "provider": "provider[\"registry.terraform.io/hashicorp/aws\"]",
      "instances": [
        {
          "index_key": 0,
          "schema_version": 0,
          "attributes": {
            "application_failure_feedback_role_arn": "",
            "application_success_feedback_role_arn": "",
            "application_success_feedback_sample_rate": 0,
            "arn": "arn:aws:sns:eu-central-1:360428973419:dev-lpnu-notification",
            "content_based_deduplication": false,
            "delivery_policy": "",
            "display_name": "",
            "fifo_topic": false,
            "firehose_failure_feedback_role_arn": "",
            "firehose_success_feedback_role_arn": "",
            "firehose_success_feedback_sample_rate": 0,
            "http_failure_feedback_role_arn": "",
            "http_success_feedback_role_arn": "",
            "http_success_feedback_sample_rate": 0,
            "id": "arn:aws:sns:eu-central-1:360428973419:dev-lpnu-notification",
            "kms_master_key_id": "",
            "lambda_failure_feedback_role_arn": "",
            "lambda_success_feedback_role_arn": "",
            "lambda_success_feedback_sample_rate": 0,
            "name": "dev-lpnu-notification",
            "name_prefix": "",
            "owner": "360428973419",
            "policy": "{\"Version\":\"2008-10-17\",\"Id\":\"__default_policy_ID\",\"Statement\":[{\"Sid\":\"__default_statement_ID\",\"Effect\":\"Allow\",\"Principal\":{\"AWS\":\"*\"},\"Action\":[\"SNS:GetTopicAttributes\",\"SNS:SetTopicAttributes\",\"SNS:AddPermission\",\"SNS:RemovePermission\",\"SNS:DeleteTopic\",\"SNS:Subscribe\",\"SNS:ListSubscriptionsByTopic\",\"SNS:Publish\"],\"Resource\":\"arn:aws:sns:eu-central-1:360428973419:dev-lpnu-notification\",\"Condition\":{\"StringEquals\":{\"AWS:SourceOwner\":\"360428973419\"}}}]}",
            "sqs_failure_feedback_role_arn": "",
            "sqs_success_feedback_role_arn": "",
            "sqs_success_feedback_sample_rate": 0,
            "tags": {},
            "tags_all": {}
          },
          "sensitive_attributes": [],
          "private": "bnVsbA=="
        }
      ]
    },
    {
      "module": "module.notify_slack",
      "mode": "managed",
      "type": "aws_sns_topic_subscription",
      "name": "sns_notify_slack",
      "provider": "provider[\"registry.terraform.io/hashicorp/aws\"]",
      "instances": [
        {
          "index_key": 0,
          "schema_version": 0,
          "attributes": {
            "arn": "arn:aws:sns:eu-central-1:360428973419:dev-lpnu-notification:61256d18-3f93-49bf-b6a2-ade125305f10",
            "confirmation_timeout_in_minutes": 1,
            "confirmation_was_authenticated": true,
            "delivery_policy": "",
            "endpoint": "arn:aws:lambda:eu-central-1:360428973419:function:notify_slack",
            "endpoint_auto_confirms": false,
            "filter_policy": "",
            "id": "arn:aws:sns:eu-central-1:360428973419:dev-lpnu-notification:61256d18-3f93-49bf-b6a2-ade125305f10",
            "owner_id": "360428973419",
            "pending_confirmation": false,
            "protocol": "lambda",
            "raw_message_delivery": false,
            "redrive_policy": "",
            "subscription_role_arn": "",
            "topic_arn": "arn:aws:sns:eu-central-1:360428973419:dev-lpnu-notification"
          },
          "sensitive_attributes": [],
          "private": "bnVsbA==",
          "dependencies": [
            "module.notify_slack.aws_cloudwatch_log_group.lambda",
            "module.notify_slack.aws_sns_topic.this",
            "module.notify_slack.data.aws_caller_identity.current",
            "module.notify_slack.data.aws_partition.current",
            "module.notify_slack.data.aws_region.current",
            "module.notify_slack.module.lambda.aws_cloudwatch_log_group.lambda",
            "module.notify_slack.module.lambda.aws_iam_role.lambda",
            "module.notify_slack.module.lambda.aws_lambda_function.this",
            "module.notify_slack.module.lambda.aws_s3_object.lambda_package",
            "module.notify_slack.module.lambda.data.aws_iam_policy_document.assume_role",
            "module.notify_slack.module.lambda.data.external.archive_prepare",
            "module.notify_slack.module.lambda.local_file.archive_plan",
            "module.notify_slack.module.lambda.null_resource.archive"
          ]
        }
      ]
    },
    {
      "module": "module.notify_slack.module.lambda",
      "mode": "data",
      "type": "aws_cloudwatch_log_group",
      "name": "lambda",
      "provider": "provider[\"registry.terraform.io/hashicorp/aws\"]",
      "instances": [
        {
          "index_key": 0,
          "schema_version": 0,
          "attributes": {
            "arn": "arn:aws:logs:eu-central-1:360428973419:log-group:/aws/lambda/notify_slack",
            "creation_time": 1654818145183,
            "id": "/aws/lambda/notify_slack",
            "kms_key_id": "",
            "name": "/aws/lambda/notify_slack",
            "retention_in_days": 0,
            "tags": {}
          },
          "sensitive_attributes": []
        }
      ]
    },
    {
      "module": "module.notify_slack.module.lambda",
      "mode": "data",
      "type": "aws_iam_policy_document",
      "name": "assume_role",
      "provider": "provider[\"registry.terraform.io/hashicorp/aws\"]",
      "instances": [
        {
          "index_key": 0,
          "schema_version": 0,
          "attributes": {
            "id": "3693445097",
            "json": "{\n  \"Version\": \"2012-10-17\",\n  \"Statement\": [\n    {\n      \"Sid\": \"\",\n      \"Effect\": \"Allow\",\n      \"Action\": \"sts:AssumeRole\",\n      \"Principal\": {\n        \"Service\": \"lambda.amazonaws.com\"\n      }\n    }\n  ]\n}",
            "override_json": null,
            "override_policy_documents": null,
            "policy_id": null,
            "source_json": null,
            "source_policy_documents": null,
            "statement": [
              {
                "actions": [
                  "sts:AssumeRole"
                ],
                "condition": [],
                "effect": "Allow",
                "not_actions": [],
                "not_principals": [],
                "not_resources": [],
                "principals": [
                  {
                    "identifiers": [
                      "lambda.amazonaws.com"
                    ],
                    "type": "Service"
                  }
                ],
                "resources": [],
                "sid": ""
              }
            ],
            "version": "2012-10-17"
          },
          "sensitive_attributes": []
        }
      ]
    },
    {
      "module": "module.notify_slack.module.lambda",
      "mode": "data",
      "type": "aws_partition",
      "name": "current",
      "provider": "provider[\"registry.terraform.io/hashicorp/aws\"]",
      "instances": [
        {
          "schema_version": 0,
          "attributes": {
            "dns_suffix": "amazonaws.com",
            "id": "aws",
            "partition": "aws",
            "reverse_dns_prefix": "com.amazonaws"
          },
          "sensitive_attributes": []
        }
      ]
    },
    {
      "module": "module.notify_slack.module.lambda",
      "mode": "data",
      "type": "external",
      "name": "archive_prepare",
      "provider": "provider[\"registry.terraform.io/hashicorp/external\"]",
      "instances": [
        {
          "index_key": 0,
          "schema_version": 0,
          "attributes": {
            "id": "-",
            "program": [
              "python3",
              ".terraform/modules/notify_slack.lambda/package.py",
              "prepare"
            ],
            "query": {
              "artifacts_dir": "builds",
              "hash_extra": "",
              "hash_extra_paths": "[]",
              "paths": "{\"cwd\":\"/home/nikita/Cloud/terraform\",\"module\":\".terraform/modules/notify_slack.lambda\",\"root\":\".\"}",
              "recreate_missing_package": "true",
              "runtime": "python3.8",
              "source_path": "\".terraform/modules/notify_slack/functions/notify_slack.py\""
            },
            "result": {
              "build_plan": "{\"filename\": \"builds/e2563c78fb1d6b73829a371790255db92b286526038d8e101b84d5bc3886eff9.zip\", \"runtime\": \"python3.8\", \"artifacts_dir\": \"builds\", \"build_plan\": [[\"zip\", \".terraform/modules/notify_slack/functions/notify_slack.py\", null]]}",
              "build_plan_filename": "builds/e2563c78fb1d6b73829a371790255db92b286526038d8e101b84d5bc3886eff9.plan.json",
              "filename": "builds/e2563c78fb1d6b73829a371790255db92b286526038d8e101b84d5bc3886eff9.zip",
              "timestamp": "1654815197564312000",
              "was_missing": "false"
            },
            "working_dir": null
          },
          "sensitive_attributes": []
        }
      ]
    },
    {
      "module": "module.notify_slack.module.lambda",
      "mode": "managed",
      "type": "aws_iam_policy",
      "name": "additional_json",
      "provider": "provider[\"registry.terraform.io/hashicorp/aws\"]",
      "instances": [
        {
          "index_key": 0,
          "schema_version": 0,
          "attributes": {
            "arn": "arn:aws:iam::360428973419:policy/lambda-notify_slack",
            "description": "",
            "id": "arn:aws:iam::360428973419:policy/lambda-notify_slack",
            "name": "lambda-notify_slack",
            "name_prefix": null,
            "path": "/",
            "policy": "{\"Statement\":[{\"Action\":[\"logs:PutLogEvents\",\"logs:CreateLogStream\"],\"Effect\":\"Allow\",\"Resource\":\"arn:aws:logs:eu-central-1:360428973419:log-group:/aws/lambda/notify_slack:*\",\"Sid\":\"AllowWriteToCloudwatchLogs\"}],\"Version\":\"2012-10-17\"}",
            "policy_id": "ANPAVH2Z5VVVYW2AXTKSD",
            "tags": {},
            "tags_all": {}
          },
          "sensitive_attributes": [],
          "private": "bnVsbA==",
          "dependencies": [
            "module.notify_slack.aws_cloudwatch_log_group.lambda",
            "module.notify_slack.data.aws_iam_policy_document.lambda"
          ]
        }
      ]
    },
    {
      "module": "module.notify_slack.module.lambda",
      "mode": "managed",
      "type": "aws_iam_role",
      "name": "lambda",
      "provider": "provider[\"registry.terraform.io/hashicorp/aws\"]",
      "instances": [
        {
          "index_key": 0,
          "schema_version": 0,
          "attributes": {
            "arn": "arn:aws:iam::360428973419:role/lambda-notify_slack",
            "assume_role_policy": "{\"Version\":\"2012-10-17\",\"Statement\":[{\"Sid\":\"\",\"Effect\":\"Allow\",\"Principal\":{\"Service\":\"lambda.amazonaws.com\"},\"Action\":\"sts:AssumeRole\"}]}",
            "create_date": "2022-06-09T23:42:26Z",
            "description": "",
            "force_detach_policies": true,
            "id": "lambda-notify_slack",
            "inline_policy": [
              {
                "name": "",
                "policy": ""
              }
            ],
            "managed_policy_arns": [
              "arn:aws:iam::360428973419:policy/lambda-notify_slack"
            ],
            "max_session_duration": 3600,
            "name": "lambda-notify_slack",
            "name_prefix": "",
            "path": "/",
            "permissions_boundary": null,
            "tags": {},
            "tags_all": {},
            "unique_id": "AROAVH2Z5VVVXZKDFGBOI"
          },
          "sensitive_attributes": [],
          "private": "bnVsbA==",
          "dependencies": [
            "module.notify_slack.aws_cloudwatch_log_group.lambda",
            "module.notify_slack.module.lambda.data.aws_iam_policy_document.assume_role"
          ]
        }
      ]
    },
    {
      "module": "module.notify_slack.module.lambda",
      "mode": "managed",
      "type": "aws_iam_role_policy_attachment",
      "name": "additional_json",
      "provider": "provider[\"registry.terraform.io/hashicorp/aws\"]",
      "instances": [
        {
          "index_key": 0,
          "schema_version": 0,
          "attributes": {
            "id": "lambda-notify_slack-20220609234227652500000001",
            "policy_arn": "arn:aws:iam::360428973419:policy/lambda-notify_slack",
            "role": "lambda-notify_slack"
          },
          "sensitive_attributes": [],
          "private": "bnVsbA==",
          "dependencies": [
            "module.notify_slack.aws_cloudwatch_log_group.lambda",
            "module.notify_slack.data.aws_iam_policy_document.lambda",
            "module.notify_slack.module.lambda.aws_iam_policy.additional_json",
            "module.notify_slack.module.lambda.aws_iam_role.lambda",
            "module.notify_slack.module.lambda.data.aws_iam_policy_document.assume_role"
          ]
        }
      ]
    },
    {
      "module": "module.notify_slack.module.lambda",
      "mode": "managed",
      "type": "aws_lambda_function",
      "name": "this",
      "provider": "provider[\"registry.terraform.io/hashicorp/aws\"]",
      "instances": [
        {
          "index_key": 0,
          "schema_version": 0,
          "attributes": {
            "architectures": [
              "x86_64"
            ],
            "arn": "arn:aws:lambda:eu-central-1:360428973419:function:notify_slack",
            "code_signing_config_arn": "",
            "dead_letter_config": [],
            "description": "",
            "environment": [
              {
                "variables": {
                  "LOG_EVENTS": "False",
                  "SLACK_CHANNEL": "q",
                  "SLACK_EMOJI": ":aws:",
                  "SLACK_USERNAME": "terraform-reporter",
                  "SLACK_WEBHOOK_URL": "https://hooks.slack.com/services/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"
                }
              }
            ],
            "ephemeral_storage": [
              {
                "size": 512
              }
            ],
            "file_system_config": [],
            "filename": "builds/e2563c78fb1d6b73829a371790255db92b286526038d8e101b84d5bc3886eff9.zip",
            "function_name": "notify_slack",
            "handler": "notify_slack.lambda_handler",
            "id": "notify_slack",
            "image_config": [],
            "image_uri": "",
            "invoke_arn": "arn:aws:apigateway:eu-central-1:lambda:path/2015-03-31/functions/arn:aws:lambda:eu-central-1:360428973419:function:notify_slack/invocations",
            "kms_key_arn": "",
            "last_modified": "2022-06-09T23:42:48.912+0000",
            "layers": [],
            "memory_size": 128,
            "package_type": "Zip",
            "publish": true,
            "qualified_arn": "arn:aws:lambda:eu-central-1:360428973419:function:notify_slack:3",
            "reserved_concurrent_executions": -1,
            "role": "arn:aws:iam::360428973419:role/lambda-notify_slack",
            "runtime": "python3.8",
            "s3_bucket": null,
            "s3_key": null,
            "s3_object_version": null,
            "signing_job_arn": "",
            "signing_profile_version_arn": "",
            "source_code_hash": "BACv/EhkheOXcg/9/tQDQfUyECJhhckUfDobFOvmemU=",
            "source_code_size": 2989,
            "tags": {},
            "tags_all": {},
            "timeout": 30,
            "timeouts": null,
            "tracing_config": [
              {
                "mode": "PassThrough"
              }
            ],
            "version": "3",
            "vpc_config": []
          },
          "sensitive_attributes": [],
          "private": "eyJlMmJmYjczMC1lY2FhLTExZTYtOGY4OC0zNDM2M2JjN2M0YzAiOnsiY3JlYXRlIjo2MDAwMDAwMDAwMDB9fQ==",
          "dependencies": [
            "module.notify_slack.aws_cloudwatch_log_group.lambda",
            "module.notify_slack.module.lambda.aws_cloudwatch_log_group.lambda",
            "module.notify_slack.module.lambda.aws_iam_role.lambda",
            "module.notify_slack.module.lambda.aws_s3_object.lambda_package",
            "module.notify_slack.module.lambda.data.aws_iam_policy_document.assume_role",
            "module.notify_slack.module.lambda.data.external.archive_prepare",
            "module.notify_slack.module.lambda.local_file.archive_plan",
            "module.notify_slack.module.lambda.null_resource.archive"
          ]
        }
      ]
    },
    {
      "module": "module.notify_slack.module.lambda",
      "mode": "managed",
      "type": "aws_lambda_permission",
      "name": "current_version_triggers",
      "provider": "provider[\"registry.terraform.io/hashicorp/aws\"]",
      "instances": [
        {
          "index_key": "AllowExecutionFromSNS",
          "schema_version": 0,
          "attributes": {
            "action": "lambda:InvokeFunction",
            "event_source_token": null,
            "function_name": "notify_slack",
            "function_url_auth_type": null,
            "id": "AllowExecutionFromSNS",
            "principal": "sns.amazonaws.com",
            "principal_org_id": null,
            "qualifier": "3",
            "source_account": null,
            "source_arn": "arn:aws:sns:eu-central-1:360428973419:dev-lpnu-notification",
            "statement_id": "AllowExecutionFromSNS",
            "statement_id_prefix": ""
          },
          "sensitive_attributes": [],
          "private": "bnVsbA==",
          "dependencies": [
            "module.notify_slack.aws_cloudwatch_log_group.lambda",
            "module.notify_slack.aws_sns_topic.this",
            "module.notify_slack.data.aws_caller_identity.current",
            "module.notify_slack.data.aws_partition.current",
            "module.notify_slack.data.aws_region.current",
            "module.notify_slack.module.lambda.aws_cloudwatch_log_group.lambda",
            "module.notify_slack.module.lambda.aws_iam_role.lambda",
            "module.notify_slack.module.lambda.aws_lambda_function.this",
            "module.notify_slack.module.lambda.aws_s3_object.lambda_package",
            "module.notify_slack.module.lambda.data.aws_iam_policy_document.assume_role",
            "module.notify_slack.module.lambda.data.external.archive_prepare",
            "module.notify_slack.module.lambda.local_file.archive_plan",
            "module.notify_slack.module.lambda.null_resource.archive"
          ]
        }
      ]
    },
    {
      "module": "module.notify_slack.module.lambda",
      "mode": "managed",
      "type": "aws_lambda_permission",
      "name": "unqualified_alias_triggers",
      "provider": "provider[\"registry.terraform.io/hashicorp/aws\"]",
      "instances": [
        {
          "index_key": "AllowExecutionFromSNS",
          "schema_version": 0,
          "attributes": {
            "action": "lambda:InvokeFunction",
            "event_source_token": null,
            "function_name": "notify_slack",
            "function_url_auth_type": null,
            "id": "AllowExecutionFromSNS",
            "principal": "sns.amazonaws.com",
            "principal_org_id": null,
            "qualifier": "",
            "source_account": null,
            "source_arn": "arn:aws:sns:eu-central-1:360428973419:dev-lpnu-notification",
            "statement_id": "AllowExecutionFromSNS",
            "statement_id_prefix": ""
          },
          "sensitive_attributes": [],
          "private": "bnVsbA==",
          "dependencies": [
            "module.notify_slack.aws_cloudwatch_log_group.lambda",
            "module.notify_slack.aws_sns_topic.this",
            "module.notify_slack.data.aws_caller_identity.current",
            "module.notify_slack.data.aws_partition.current",
            "module.notify_slack.data.aws_region.current",
            "module.notify_slack.module.lambda.aws_cloudwatch_log_group.lambda",
            "module.notify_slack.module.lambda.aws_iam_role.lambda",
            "module.notify_slack.module.lambda.aws_lambda_function.this",
            "module.notify_slack.module.lambda.aws_s3_object.lambda_package",
            "module.notify_slack.module.lambda.data.aws_iam_policy_document.assume_role",
            "module.notify_slack.module.lambda.data.external.archive_prepare",
            "module.notify_slack.module.lambda.local_file.archive_plan",
            "module.notify_slack.module.lambda.null_resource.archive"
          ]
        }
      ]
    },
    {
      "module": "module.notify_slack.module.lambda",
      "mode": "managed",
      "type": "local_file",
      "name": "archive_plan",
      "provider": "provider[\"registry.terraform.io/hashicorp/local\"]",
      "instances": [
        {
          "index_key": 0,
          "schema_version": 0,
          "attributes": {
            "content": "{\"filename\": \"builds/e2563c78fb1d6b73829a371790255db92b286526038d8e101b84d5bc3886eff9.zip\", \"runtime\": \"python3.8\", \"artifacts_dir\": \"builds\", \"build_plan\": [[\"zip\", \".terraform/modules/notify_slack/functions/notify_slack.py\", null]]}",
            "content_base64": null,
            "directory_permission": "0755",
            "file_permission": "0644",
            "filename": "builds/e2563c78fb1d6b73829a371790255db92b286526038d8e101b84d5bc3886eff9.plan.json",
            "id": "7952ccda5401e4be6ac06ca27c307633900663c2",
            "sensitive_content": null,
            "source": null
          },
          "sensitive_attributes": [],
          "private": "bnVsbA==",
          "dependencies": [
            "module.notify_slack.aws_cloudwatch_log_group.lambda",
            "module.notify_slack.module.lambda.data.external.archive_prepare"
          ]
        }
      ]
    },
    {
      "module": "module.notify_slack.module.lambda",
      "mode": "managed",
      "type": "null_resource",
      "name": "archive",
      "provider": "provider[\"registry.terraform.io/hashicorp/null\"]",
      "instances": [
        {
          "index_key": 0,
          "schema_version": 0,
          "attributes": {
            "id": "6318666919201639333",
            "triggers": {
              "filename": "builds/e2563c78fb1d6b73829a371790255db92b286526038d8e101b84d5bc3886eff9.zip",
              "timestamp": "1654815197564312000"
            }
          },
          "sensitive_attributes": [],
          "private": "bnVsbA==",
          "dependencies": [
            "module.notify_slack.aws_cloudwatch_log_group.lambda",
            "module.notify_slack.module.lambda.data.external.archive_prepare",
            "module.notify_slack.module.lambda.local_file.archive_plan"
          ]
        }
      ]
    }
  ]
}
